
Microsoft Visual Studio Solution File, Format Version 11.00
# Visual Studio 2010
Project("{8BC9CEB8-8B4A-11D0-8D11-00A0C91BC942}") = "HawkUtil", "HawkUtil\proj.win32\HawkUtil.vcxproj", "{2B2642D5-2B93-44FE-9DAC-EF4465B09458}"
	ProjectSection(ProjectDependencies) = postProject
		{42232473-07B8-4BCA-B1AE-42F291575400} = {42232473-07B8-4BCA-B1AE-42F291575400}
	EndProjectSection
EndProject
Project("{2150E333-8FDC-42A3-9474-1A3956D46DE8}") = "Samples", "Samples", "{177FE27F-BD37-47C7-8F40-4C11B2E99F95}"
EndProject
Project("{8BC9CEB8-8B4A-11D0-8D11-00A0C91BC942}") = "NetDemo", "Samples\NetDemo\NetDemo.vcxproj", "{7639586D-B7C9-4319-82C7-E2DE6E2B900C}"
	ProjectSection(ProjectDependencies) = postProject
		{2B2642D5-2B93-44FE-9DAC-EF4465B09458} = {2B2642D5-2B93-44FE-9DAC-EF4465B09458}
	EndProjectSection
EndProject
Project("{8BC9CEB8-8B4A-11D0-8D11-00A0C91BC942}") = "HawkWin32", "HawkWin32\HawkWin32.vcxproj", "{42232473-07B8-4BCA-B1AE-42F291575400}"
EndProject
Global
	GlobalSection(SolutionConfigurationPlatforms) = preSolution
		Debug|Win32 = Debug|Win32
		Release|Win32 = Release|Win32
	EndGlobalSection
	GlobalSection(ProjectConfigurationPlatforms) = postSolution
		{2B2642D5-2B93-44FE-9DAC-EF4465B09458}.Debug|Win32.ActiveCfg = Debug|Win32
		{2B2642D5-2B93-44FE-9DAC-EF4465B09458}.Debug|Win32.Build.0 = Debug|Win32
		{2B2642D5-2B93-44FE-9DAC-EF4465B09458}.Release|Win32.ActiveCfg = Release|Win32
		{2B2642D5-2B93-44FE-9DAC-EF4465B09458}.Release|Win32.Build.0 = Release|Win32
		{7639586D-B7C9-4319-82C7-E2DE6E2B900C}.Debug|Win32.ActiveCfg = Debug|Win32
		{7639586D-B7C9-4319-82C7-E2DE6E2B900C}.Debug|Win32.Build.0 = Debug|Win32
		{7639586D-B7C9-4319-82C7-E2DE6E2B900C}.Release|Win32.ActiveCfg = Release|Win32
		{7639586D-B7C9-4319-82C7-E2DE6E2B900C}.Release|Win32.Build.0 = Release|Win32
		{42232473-07B8-4BCA-B1AE-42F291575400}.Debug|Win32.ActiveCfg = Debug|Win32
		{42232473-07B8-4BCA-B1AE-42F291575400}.Debug|Win32.Build.0 = Debug|Win32
		{42232473-07B8-4BCA-B1AE-42F291575400}.Release|Win32.ActiveCfg = Release|Win32
		{42232473-07B8-4BCA-B1AE-42F291575400}.Release|Win32.Build.0 = Release|Win32
	EndGlobalSection
	GlobalSection(SolutionProperties) = preSolution
		HideSolutionNode = FALSE
	EndGlobalSection
	GlobalSection(NestedProjects) = preSolution
		{7639586D-B7C9-4319-82C7-E2DE6E2B900C} = {177FE27F-BD37-47C7-8F40-4C11B2E99F95}
	EndGlobalSection
EndGlobal
