// !$*UTF8*$!
{
	archiveVersion = 1;
	classes = {
	};
	objectVersion = 46;
	objects = {

/* Begin PBXBuildFile section */
		C80A01AB180BA7ED007ECCD1 /* HawkAnyType.h in Headers */ = {isa = PBXBuildFile; fileRef = C80A012C180BA7EB007ECCD1 /* HawkAnyType.h */; };
		C80A01AC180BA7ED007ECCD1 /* HawkAtomic.h in Headers */ = {isa = PBXBuildFile; fileRef = C80A012D180BA7EB007ECCD1 /* HawkAtomic.h */; };
		C80A01AD180BA7ED007ECCD1 /* HawkBase64.cpp in Sources */ = {isa = PBXBuildFile; fileRef = C80A012E180BA7EB007ECCD1 /* HawkBase64.cpp */; };
		C80A01AE180BA7ED007ECCD1 /* HawkBase64.h in Headers */ = {isa = PBXBuildFile; fileRef = C80A012F180BA7EB007ECCD1 /* HawkBase64.h */; };
		C80A01AF180BA7ED007ECCD1 /* HawkBinCfgFile.cpp in Sources */ = {isa = PBXBuildFile; fileRef = C80A0130180BA7EC007ECCD1 /* HawkBinCfgFile.cpp */; };
		C80A01B0180BA7ED007ECCD1 /* HawkBinCfgFile.h in Headers */ = {isa = PBXBuildFile; fileRef = C80A0131180BA7EC007ECCD1 /* HawkBinCfgFile.h */; };
		C80A01B1180BA7ED007ECCD1 /* HawkByteOrder.h in Headers */ = {isa = PBXBuildFile; fileRef = C80A0132180BA7EC007ECCD1 /* HawkByteOrder.h */; };
		C80A01B2180BA7ED007ECCD1 /* HawkCallback.h in Headers */ = {isa = PBXBuildFile; fileRef = C80A0133180BA7EC007ECCD1 /* HawkCallback.h */; };
		C80A01B3180BA7ED007ECCD1 /* HawkCounter.cpp in Sources */ = {isa = PBXBuildFile; fileRef = C80A0134180BA7EC007ECCD1 /* HawkCounter.cpp */; };
		C80A01B4180BA7ED007ECCD1 /* HawkCounter.h in Headers */ = {isa = PBXBuildFile; fileRef = C80A0135180BA7EC007ECCD1 /* HawkCounter.h */; };
		C80A01B5180BA7ED007ECCD1 /* HawkDemutexTable.h in Headers */ = {isa = PBXBuildFile; fileRef = C80A0136180BA7EC007ECCD1 /* HawkDemutexTable.h */; };
		C80A01B6180BA7ED007ECCD1 /* HawkDiskFile.cpp in Sources */ = {isa = PBXBuildFile; fileRef = C80A0137180BA7EC007ECCD1 /* HawkDiskFile.cpp */; };
		C80A01B7180BA7ED007ECCD1 /* HawkDiskFile.h in Headers */ = {isa = PBXBuildFile; fileRef = C80A0138180BA7EC007ECCD1 /* HawkDiskFile.h */; };
		C80A01B8180BA7ED007ECCD1 /* HawkException.cpp in Sources */ = {isa = PBXBuildFile; fileRef = C80A0139180BA7EC007ECCD1 /* HawkException.cpp */; };
		C80A01B9180BA7ED007ECCD1 /* HawkException.h in Headers */ = {isa = PBXBuildFile; fileRef = C80A013A180BA7EC007ECCD1 /* HawkException.h */; };
		C80A01BA180BA7ED007ECCD1 /* HawkFile.cpp in Sources */ = {isa = PBXBuildFile; fileRef = C80A013B180BA7EC007ECCD1 /* HawkFile.cpp */; };
		C80A01BB180BA7ED007ECCD1 /* HawkFile.h in Headers */ = {isa = PBXBuildFile; fileRef = C80A013C180BA7EC007ECCD1 /* HawkFile.h */; };
		C80A01BC180BA7ED007ECCD1 /* HawkFileSender.cpp in Sources */ = {isa = PBXBuildFile; fileRef = C80A013D180BA7EC007ECCD1 /* HawkFileSender.cpp */; };
		C80A01BD180BA7ED007ECCD1 /* HawkFileSender.h in Headers */ = {isa = PBXBuildFile; fileRef = C80A013E180BA7EC007ECCD1 /* HawkFileSender.h */; };
		C80A01BE180BA7ED007ECCD1 /* HawkFolder.cpp in Sources */ = {isa = PBXBuildFile; fileRef = C80A013F180BA7EC007ECCD1 /* HawkFolder.cpp */; };
		C80A01BF180BA7ED007ECCD1 /* HawkFolder.h in Headers */ = {isa = PBXBuildFile; fileRef = C80A0140180BA7EC007ECCD1 /* HawkFolder.h */; };
		C80A01C0180BA7ED007ECCD1 /* HawkGateSecurity.cpp in Sources */ = {isa = PBXBuildFile; fileRef = C80A0141180BA7EC007ECCD1 /* HawkGateSecurity.cpp */; };
		C80A01C1180BA7ED007ECCD1 /* HawkGateSecurity.h in Headers */ = {isa = PBXBuildFile; fileRef = C80A0142180BA7EC007ECCD1 /* HawkGateSecurity.h */; };
		C80A01C2180BA7ED007ECCD1 /* HawkHash.cpp in Sources */ = {isa = PBXBuildFile; fileRef = C80A0143180BA7EC007ECCD1 /* HawkHash.cpp */; };
		C80A01C3180BA7ED007ECCD1 /* HawkHash.h in Headers */ = {isa = PBXBuildFile; fileRef = C80A0144180BA7EC007ECCD1 /* HawkHash.h */; };
		C80A01C4180BA7ED007ECCD1 /* HawkHeapArray.h in Headers */ = {isa = PBXBuildFile; fileRef = C80A0145180BA7EC007ECCD1 /* HawkHeapArray.h */; };
		C80A01C5180BA7ED007ECCD1 /* HawkHMACSHA1Security.cpp in Sources */ = {isa = PBXBuildFile; fileRef = C80A0146180BA7EC007ECCD1 /* HawkHMACSHA1Security.cpp */; };
		C80A01C6180BA7ED007ECCD1 /* HawkHMACSHA1Security.h in Headers */ = {isa = PBXBuildFile; fileRef = C80A0147180BA7EC007ECCD1 /* HawkHMACSHA1Security.h */; };
		C80A01C7180BA7ED007ECCD1 /* HawkIPAddr.cpp in Sources */ = {isa = PBXBuildFile; fileRef = C80A0148180BA7EC007ECCD1 /* HawkIPAddr.cpp */; };
		C80A01C8180BA7ED007ECCD1 /* HawkIPAddr.h in Headers */ = {isa = PBXBuildFile; fileRef = C80A0149180BA7EC007ECCD1 /* HawkIPAddr.h */; };
		C80A01C9180BA7ED007ECCD1 /* HawkJson.cpp in Sources */ = {isa = PBXBuildFile; fileRef = C80A014A180BA7EC007ECCD1 /* HawkJson.cpp */; };
		C80A01CA180BA7ED007ECCD1 /* HawkJson.h in Headers */ = {isa = PBXBuildFile; fileRef = C80A014B180BA7EC007ECCD1 /* HawkJson.h */; };
		C80A01CB180BA7ED007ECCD1 /* HawkLogger.cpp in Sources */ = {isa = PBXBuildFile; fileRef = C80A014C180BA7EC007ECCD1 /* HawkLogger.cpp */; };
		C80A01CC180BA7ED007ECCD1 /* HawkLogger.h in Headers */ = {isa = PBXBuildFile; fileRef = C80A014D180BA7EC007ECCD1 /* HawkLogger.h */; };
		C80A01CD180BA7ED007ECCD1 /* HawkLoggerManager.cpp in Sources */ = {isa = PBXBuildFile; fileRef = C80A014E180BA7EC007ECCD1 /* HawkLoggerManager.cpp */; };
		C80A01CE180BA7ED007ECCD1 /* HawkLoggerManager.h in Headers */ = {isa = PBXBuildFile; fileRef = C80A014F180BA7EC007ECCD1 /* HawkLoggerManager.h */; };
		C80A01CF180BA7ED007ECCD1 /* HawkMalloc.cpp in Sources */ = {isa = PBXBuildFile; fileRef = C80A0150180BA7EC007ECCD1 /* HawkMalloc.cpp */; };
		C80A01D0180BA7ED007ECCD1 /* HawkMalloc.h in Headers */ = {isa = PBXBuildFile; fileRef = C80A0151180BA7EC007ECCD1 /* HawkMalloc.h */; };
		C80A01D1180BA7ED007ECCD1 /* HawkManagerBase.cpp in Sources */ = {isa = PBXBuildFile; fileRef = C80A0152180BA7EC007ECCD1 /* HawkManagerBase.cpp */; };
		C80A01D2180BA7ED007ECCD1 /* HawkManagerBase.h in Headers */ = {isa = PBXBuildFile; fileRef = C80A0153180BA7EC007ECCD1 /* HawkManagerBase.h */; };
		C80A01D3180BA7ED007ECCD1 /* HawkMarshal.cpp in Sources */ = {isa = PBXBuildFile; fileRef = C80A0154180BA7EC007ECCD1 /* HawkMarshal.cpp */; };
		C80A01D4180BA7ED007ECCD1 /* HawkMarshal.h in Headers */ = {isa = PBXBuildFile; fileRef = C80A0155180BA7EC007ECCD1 /* HawkMarshal.h */; };
		C80A01D5180BA7ED007ECCD1 /* HawkMarshalData.cpp in Sources */ = {isa = PBXBuildFile; fileRef = C80A0156180BA7EC007ECCD1 /* HawkMarshalData.cpp */; };
		C80A01D6180BA7ED007ECCD1 /* HawkMarshalData.h in Headers */ = {isa = PBXBuildFile; fileRef = C80A0157180BA7EC007ECCD1 /* HawkMarshalData.h */; };
		C80A01D7180BA7ED007ECCD1 /* HawkMath.cpp in Sources */ = {isa = PBXBuildFile; fileRef = C80A0158180BA7EC007ECCD1 /* HawkMath.cpp */; };
		C80A01D8180BA7ED007ECCD1 /* HawkMath.h in Headers */ = {isa = PBXBuildFile; fileRef = C80A0159180BA7EC007ECCD1 /* HawkMath.h */; };
		C80A01D9180BA7ED007ECCD1 /* HawkMd5.cpp in Sources */ = {isa = PBXBuildFile; fileRef = C80A015A180BA7EC007ECCD1 /* HawkMd5.cpp */; };
		C80A01DA180BA7ED007ECCD1 /* HawkMd5.h in Headers */ = {isa = PBXBuildFile; fileRef = C80A015B180BA7EC007ECCD1 /* HawkMd5.h */; };
		C80A01DB180BA7ED007ECCD1 /* HawkMemoryFile.cpp in Sources */ = {isa = PBXBuildFile; fileRef = C80A015C180BA7EC007ECCD1 /* HawkMemoryFile.cpp */; };
		C80A01DC180BA7ED007ECCD1 /* HawkMemoryFile.h in Headers */ = {isa = PBXBuildFile; fileRef = C80A015D180BA7EC007ECCD1 /* HawkMemoryFile.h */; };
		C80A01DD180BA7ED007ECCD1 /* HawkMsg.cpp in Sources */ = {isa = PBXBuildFile; fileRef = C80A015E180BA7EC007ECCD1 /* HawkMsg.cpp */; };
		C80A01DE180BA7ED007ECCD1 /* HawkMsg.h in Headers */ = {isa = PBXBuildFile; fileRef = C80A015F180BA7EC007ECCD1 /* HawkMsg.h */; };
		C80A01DF180BA7ED007ECCD1 /* HawkMsgListener.cpp in Sources */ = {isa = PBXBuildFile; fileRef = C80A0160180BA7EC007ECCD1 /* HawkMsgListener.cpp */; };
		C80A01E0180BA7ED007ECCD1 /* HawkMsgListener.h in Headers */ = {isa = PBXBuildFile; fileRef = C80A0161180BA7EC007ECCD1 /* HawkMsgListener.h */; };
		C80A01E1180BA7ED007ECCD1 /* HawkMsgManager.cpp in Sources */ = {isa = PBXBuildFile; fileRef = C80A0162180BA7EC007ECCD1 /* HawkMsgManager.cpp */; };
		C80A01E2180BA7ED007ECCD1 /* HawkMsgManager.h in Headers */ = {isa = PBXBuildFile; fileRef = C80A0163180BA7EC007ECCD1 /* HawkMsgManager.h */; };
		C80A01E3180BA7ED007ECCD1 /* HawkMsgPump.cpp in Sources */ = {isa = PBXBuildFile; fileRef = C80A0164180BA7EC007ECCD1 /* HawkMsgPump.cpp */; };
		C80A01E4180BA7ED007ECCD1 /* HawkMsgPump.h in Headers */ = {isa = PBXBuildFile; fileRef = C80A0165180BA7EC007ECCD1 /* HawkMsgPump.h */; };
		C80A01E5180BA7ED007ECCD1 /* HawkMutex.cpp in Sources */ = {isa = PBXBuildFile; fileRef = C80A0166180BA7EC007ECCD1 /* HawkMutex.cpp */; };
		C80A01E6180BA7ED007ECCD1 /* HawkMutex.h in Headers */ = {isa = PBXBuildFile; fileRef = C80A0167180BA7EC007ECCD1 /* HawkMutex.h */; };
		C80A01E7180BA7ED007ECCD1 /* HawkOctets.cpp in Sources */ = {isa = PBXBuildFile; fileRef = C80A0168180BA7EC007ECCD1 /* HawkOctets.cpp */; };
		C80A01E8180BA7ED007ECCD1 /* HawkOctets.h in Headers */ = {isa = PBXBuildFile; fileRef = C80A0169180BA7EC007ECCD1 /* HawkOctets.h */; };
		C80A01E9180BA7ED007ECCD1 /* HawkOctetsStream.cpp in Sources */ = {isa = PBXBuildFile; fileRef = C80A016A180BA7EC007ECCD1 /* HawkOctetsStream.cpp */; };
		C80A01EA180BA7ED007ECCD1 /* HawkOctetsStream.h in Headers */ = {isa = PBXBuildFile; fileRef = C80A016B180BA7EC007ECCD1 /* HawkOctetsStream.h */; };
		C80A01EB180BA7ED007ECCD1 /* HawkOSOperator.cpp in Sources */ = {isa = PBXBuildFile; fileRef = C80A016C180BA7EC007ECCD1 /* HawkOSOperator.cpp */; };
		C80A01EC180BA7ED007ECCD1 /* HawkOSOperator.h in Headers */ = {isa = PBXBuildFile; fileRef = C80A016D180BA7EC007ECCD1 /* HawkOSOperator.h */; };
		C80A01ED180BA7ED007ECCD1 /* HawkPackage.cpp in Sources */ = {isa = PBXBuildFile; fileRef = C80A016E180BA7EC007ECCD1 /* HawkPackage.cpp */; };
		C80A01EE180BA7ED007ECCD1 /* HawkPackage.h in Headers */ = {isa = PBXBuildFile; fileRef = C80A016F180BA7EC007ECCD1 /* HawkPackage.h */; };
		C80A01EF180BA7ED007ECCD1 /* HawkParamVector.cpp in Sources */ = {isa = PBXBuildFile; fileRef = C80A0170180BA7EC007ECCD1 /* HawkParamVector.cpp */; };
		C80A01F0180BA7ED007ECCD1 /* HawkParamVector.h in Headers */ = {isa = PBXBuildFile; fileRef = C80A0171180BA7EC007ECCD1 /* HawkParamVector.h */; };
		C80A01F1180BA7ED007ECCD1 /* HawkProtocol.cpp in Sources */ = {isa = PBXBuildFile; fileRef = C80A0172180BA7EC007ECCD1 /* HawkProtocol.cpp */; };
		C80A01F2180BA7ED007ECCD1 /* HawkProtocol.h in Headers */ = {isa = PBXBuildFile; fileRef = C80A0173180BA7EC007ECCD1 /* HawkProtocol.h */; };
		C80A01F3180BA7ED007ECCD1 /* HawkProtocolManager.cpp in Sources */ = {isa = PBXBuildFile; fileRef = C80A0174180BA7EC007ECCD1 /* HawkProtocolManager.cpp */; };
		C80A01F4180BA7ED007ECCD1 /* HawkProtocolManager.h in Headers */ = {isa = PBXBuildFile; fileRef = C80A0175180BA7EC007ECCD1 /* HawkProtocolManager.h */; };
		C80A01F5180BA7ED007ECCD1 /* HawkRand.cpp in Sources */ = {isa = PBXBuildFile; fileRef = C80A0176180BA7EC007ECCD1 /* HawkRand.cpp */; };
		C80A01F6180BA7ED007ECCD1 /* HawkRand.h in Headers */ = {isa = PBXBuildFile; fileRef = C80A0177180BA7EC007ECCD1 /* HawkRand.h */; };
		C80A01F7180BA7ED007ECCD1 /* HawkRC4Security.cpp in Sources */ = {isa = PBXBuildFile; fileRef = C80A0178180BA7EC007ECCD1 /* HawkRC4Security.cpp */; };
		C80A01F8180BA7ED007ECCD1 /* HawkRC4Security.h in Headers */ = {isa = PBXBuildFile; fileRef = C80A0179180BA7EC007ECCD1 /* HawkRC4Security.h */; };
		C80A01F9180BA7ED007ECCD1 /* HawkRefCounter.cpp in Sources */ = {isa = PBXBuildFile; fileRef = C80A017A180BA7EC007ECCD1 /* HawkRefCounter.cpp */; };
		C80A01FA180BA7ED007ECCD1 /* HawkRefCounter.h in Headers */ = {isa = PBXBuildFile; fileRef = C80A017B180BA7EC007ECCD1 /* HawkRefCounter.h */; };
		C80A01FB180BA7ED007ECCD1 /* HawkRingBuffer.h in Headers */ = {isa = PBXBuildFile; fileRef = C80A017C180BA7EC007ECCD1 /* HawkRingBuffer.h */; };
		C80A01FC180BA7ED007ECCD1 /* HawkRWEFds.cpp in Sources */ = {isa = PBXBuildFile; fileRef = C80A017D180BA7EC007ECCD1 /* HawkRWEFds.cpp */; };
		C80A01FD180BA7ED007ECCD1 /* HawkRWEFds.h in Headers */ = {isa = PBXBuildFile; fileRef = C80A017E180BA7EC007ECCD1 /* HawkRWEFds.h */; };
		C80A01FE180BA7ED007ECCD1 /* HawkScope.cpp in Sources */ = {isa = PBXBuildFile; fileRef = C80A017F180BA7EC007ECCD1 /* HawkScope.cpp */; };
		C80A01FF180BA7ED007ECCD1 /* HawkScope.h in Headers */ = {isa = PBXBuildFile; fileRef = C80A0180180BA7EC007ECCD1 /* HawkScope.h */; };
		C80A0200180BA7ED007ECCD1 /* HawkSecurity.cpp in Sources */ = {isa = PBXBuildFile; fileRef = C80A0181180BA7EC007ECCD1 /* HawkSecurity.cpp */; };
		C80A0201180BA7ED007ECCD1 /* HawkSecurity.h in Headers */ = {isa = PBXBuildFile; fileRef = C80A0182180BA7ED007ECCD1 /* HawkSecurity.h */; };
		C80A0202180BA7ED007ECCD1 /* HawkSession.cpp in Sources */ = {isa = PBXBuildFile; fileRef = C80A0183180BA7ED007ECCD1 /* HawkSession.cpp */; };
		C80A0203180BA7ED007ECCD1 /* HawkSession.h in Headers */ = {isa = PBXBuildFile; fileRef = C80A0184180BA7ED007ECCD1 /* HawkSession.h */; };
		C80A0204180BA7ED007ECCD1 /* HawkSHA1Security.cpp in Sources */ = {isa = PBXBuildFile; fileRef = C80A0185180BA7ED007ECCD1 /* HawkSHA1Security.cpp */; };
		C80A0205180BA7ED007ECCD1 /* HawkSHA1Security.h in Headers */ = {isa = PBXBuildFile; fileRef = C80A0186180BA7ED007ECCD1 /* HawkSHA1Security.h */; };
		C80A0206180BA7ED007ECCD1 /* HawkSmartPtr.h in Headers */ = {isa = PBXBuildFile; fileRef = C80A0187180BA7ED007ECCD1 /* HawkSmartPtr.h */; };
		C80A0207180BA7ED007ECCD1 /* HawkSocket.cpp in Sources */ = {isa = PBXBuildFile; fileRef = C80A0188180BA7ED007ECCD1 /* HawkSocket.cpp */; };
		C80A0208180BA7ED007ECCD1 /* HawkSocket.h in Headers */ = {isa = PBXBuildFile; fileRef = C80A0189180BA7ED007ECCD1 /* HawkSocket.h */; };
		C80A0209180BA7ED007ECCD1 /* HawkSocketAddr.cpp in Sources */ = {isa = PBXBuildFile; fileRef = C80A018A180BA7ED007ECCD1 /* HawkSocketAddr.cpp */; };
		C80A020A180BA7ED007ECCD1 /* HawkSocketAddr.h in Headers */ = {isa = PBXBuildFile; fileRef = C80A018B180BA7ED007ECCD1 /* HawkSocketAddr.h */; };
		C80A020B180BA7ED007ECCD1 /* HawkSocketPair.cpp in Sources */ = {isa = PBXBuildFile; fileRef = C80A018C180BA7ED007ECCD1 /* HawkSocketPair.cpp */; };
		C80A020C180BA7ED007ECCD1 /* HawkSocketPair.h in Headers */ = {isa = PBXBuildFile; fileRef = C80A018D180BA7ED007ECCD1 /* HawkSocketPair.h */; };
		C80A020D180BA7ED007ECCD1 /* HawkSqlite.cpp in Sources */ = {isa = PBXBuildFile; fileRef = C80A018E180BA7ED007ECCD1 /* HawkSqlite.cpp */; };
		C80A020E180BA7ED007ECCD1 /* HawkSqlite.h in Headers */ = {isa = PBXBuildFile; fileRef = C80A018F180BA7ED007ECCD1 /* HawkSqlite.h */; };
		C80A020F180BA7ED007ECCD1 /* HawkStdHeader.h in Headers */ = {isa = PBXBuildFile; fileRef = C80A0190180BA7ED007ECCD1 /* HawkStdHeader.h */; };
		C80A0210180BA7ED007ECCD1 /* HawkStreamCompress.cpp in Sources */ = {isa = PBXBuildFile; fileRef = C80A0191180BA7ED007ECCD1 /* HawkStreamCompress.cpp */; };
		C80A0211180BA7ED007ECCD1 /* HawkStreamCompress.h in Headers */ = {isa = PBXBuildFile; fileRef = C80A0192180BA7ED007ECCD1 /* HawkStreamCompress.h */; };
		C80A0212180BA7ED007ECCD1 /* HawkStringUtil.cpp in Sources */ = {isa = PBXBuildFile; fileRef = C80A0193180BA7ED007ECCD1 /* HawkStringUtil.cpp */; };
		C80A0213180BA7ED007ECCD1 /* HawkStringUtil.h in Headers */ = {isa = PBXBuildFile; fileRef = C80A0194180BA7ED007ECCD1 /* HawkStringUtil.h */; };
		C80A0214180BA7ED007ECCD1 /* HawkSysProtocol.h in Headers */ = {isa = PBXBuildFile; fileRef = C80A0195180BA7ED007ECCD1 /* HawkSysProtocol.h */; };
		C80A0215180BA7ED007ECCD1 /* HawkTask.cpp in Sources */ = {isa = PBXBuildFile; fileRef = C80A0196180BA7ED007ECCD1 /* HawkTask.cpp */; };
		C80A0216180BA7ED007ECCD1 /* HawkTask.h in Headers */ = {isa = PBXBuildFile; fileRef = C80A0197180BA7ED007ECCD1 /* HawkTask.h */; };
		C80A0217180BA7ED007ECCD1 /* HawkThread.cpp in Sources */ = {isa = PBXBuildFile; fileRef = C80A0198180BA7ED007ECCD1 /* HawkThread.cpp */; };
		C80A0218180BA7ED007ECCD1 /* HawkThread.h in Headers */ = {isa = PBXBuildFile; fileRef = C80A0199180BA7ED007ECCD1 /* HawkThread.h */; };
		C80A0219180BA7ED007ECCD1 /* HawkTimerManager.cpp in Sources */ = {isa = PBXBuildFile; fileRef = C80A019A180BA7ED007ECCD1 /* HawkTimerManager.cpp */; };
		C80A021A180BA7ED007ECCD1 /* HawkTimerManager.h in Headers */ = {isa = PBXBuildFile; fileRef = C80A019B180BA7ED007ECCD1 /* HawkTimerManager.h */; };
		C80A021B180BA7ED007ECCD1 /* HawkUtil.cpp in Sources */ = {isa = PBXBuildFile; fileRef = C80A019C180BA7ED007ECCD1 /* HawkUtil.cpp */; };
		C80A021C180BA7ED007ECCD1 /* HawkUtil.h in Headers */ = {isa = PBXBuildFile; fileRef = C80A019D180BA7ED007ECCD1 /* HawkUtil.h */; };
		C80A021D180BA7ED007ECCD1 /* HawkValueHolder.h in Headers */ = {isa = PBXBuildFile; fileRef = C80A019E180BA7ED007ECCD1 /* HawkValueHolder.h */; };
		C80A021E180BA7ED007ECCD1 /* HawkXID.h in Headers */ = {isa = PBXBuildFile; fileRef = C80A019F180BA7ED007ECCD1 /* HawkXID.h */; };
		C80A021F180BA7ED007ECCD1 /* HawkXmlAttribute.h in Headers */ = {isa = PBXBuildFile; fileRef = C80A01A0180BA7ED007ECCD1 /* HawkXmlAttribute.h */; };
		C80A0220180BA7ED007ECCD1 /* HawkXmlDocument.h in Headers */ = {isa = PBXBuildFile; fileRef = C80A01A1180BA7ED007ECCD1 /* HawkXmlDocument.h */; };
		C80A0221180BA7ED007ECCD1 /* HawkXmlElement.h in Headers */ = {isa = PBXBuildFile; fileRef = C80A01A2180BA7ED007ECCD1 /* HawkXmlElement.h */; };
		C80A0222180BA7ED007ECCD1 /* HawkXmlFile.cpp in Sources */ = {isa = PBXBuildFile; fileRef = C80A01A3180BA7ED007ECCD1 /* HawkXmlFile.cpp */; };
		C80A0223180BA7ED007ECCD1 /* HawkXmlFile.h in Headers */ = {isa = PBXBuildFile; fileRef = C80A01A4180BA7ED007ECCD1 /* HawkXmlFile.h */; };
		C80A0224180BA7ED007ECCD1 /* HawkXorSecurity.cpp in Sources */ = {isa = PBXBuildFile; fileRef = C80A01A5180BA7ED007ECCD1 /* HawkXorSecurity.cpp */; };
		C80A0225180BA7ED007ECCD1 /* HawkXorSecurity.h in Headers */ = {isa = PBXBuildFile; fileRef = C80A01A6180BA7ED007ECCD1 /* HawkXorSecurity.h */; };
		C80A0226180BA7ED007ECCD1 /* HawkZipReader.cpp in Sources */ = {isa = PBXBuildFile; fileRef = C80A01A7180BA7ED007ECCD1 /* HawkZipReader.cpp */; };
		C80A0227180BA7ED007ECCD1 /* HawkZipReader.h in Headers */ = {isa = PBXBuildFile; fileRef = C80A01A8180BA7ED007ECCD1 /* HawkZipReader.h */; };
		C80A0228180BA7ED007ECCD1 /* HawkZlib.cpp in Sources */ = {isa = PBXBuildFile; fileRef = C80A01A9180BA7ED007ECCD1 /* HawkZlib.cpp */; };
		C80A0229180BA7ED007ECCD1 /* HawkZlib.h in Headers */ = {isa = PBXBuildFile; fileRef = C80A01AA180BA7ED007ECCD1 /* HawkZlib.h */; };
		C80A0245180BA897007ECCD1 /* adler32.c in Sources */ = {isa = PBXBuildFile; fileRef = C80A022B180BA896007ECCD1 /* adler32.c */; };
		C80A0246180BA897007ECCD1 /* compress.c in Sources */ = {isa = PBXBuildFile; fileRef = C80A022C180BA896007ECCD1 /* compress.c */; };
		C80A0247180BA897007ECCD1 /* crc32.c in Sources */ = {isa = PBXBuildFile; fileRef = C80A022D180BA896007ECCD1 /* crc32.c */; };
		C80A0248180BA897007ECCD1 /* crc32.h in Headers */ = {isa = PBXBuildFile; fileRef = C80A022E180BA896007ECCD1 /* crc32.h */; };
		C80A0249180BA897007ECCD1 /* deflate.c in Sources */ = {isa = PBXBuildFile; fileRef = C80A022F180BA896007ECCD1 /* deflate.c */; };
		C80A024A180BA897007ECCD1 /* deflate.h in Headers */ = {isa = PBXBuildFile; fileRef = C80A0230180BA896007ECCD1 /* deflate.h */; };
		C80A024B180BA897007ECCD1 /* infback.c in Sources */ = {isa = PBXBuildFile; fileRef = C80A0231180BA896007ECCD1 /* infback.c */; };
		C80A024C180BA897007ECCD1 /* inffast.c in Sources */ = {isa = PBXBuildFile; fileRef = C80A0232180BA896007ECCD1 /* inffast.c */; };
		C80A024D180BA897007ECCD1 /* inffast.h in Headers */ = {isa = PBXBuildFile; fileRef = C80A0233180BA896007ECCD1 /* inffast.h */; };
		C80A024E180BA897007ECCD1 /* inffixed.h in Headers */ = {isa = PBXBuildFile; fileRef = C80A0234180BA896007ECCD1 /* inffixed.h */; };
		C80A024F180BA897007ECCD1 /* inflate.c in Sources */ = {isa = PBXBuildFile; fileRef = C80A0235180BA896007ECCD1 /* inflate.c */; };
		C80A0250180BA897007ECCD1 /* inflate.h in Headers */ = {isa = PBXBuildFile; fileRef = C80A0236180BA896007ECCD1 /* inflate.h */; };
		C80A0251180BA897007ECCD1 /* inftrees.c in Sources */ = {isa = PBXBuildFile; fileRef = C80A0237180BA896007ECCD1 /* inftrees.c */; };
		C80A0252180BA897007ECCD1 /* inftrees.h in Headers */ = {isa = PBXBuildFile; fileRef = C80A0238180BA896007ECCD1 /* inftrees.h */; };
		C80A0253180BA897007ECCD1 /* ioapi.c in Sources */ = {isa = PBXBuildFile; fileRef = C80A0239180BA896007ECCD1 /* ioapi.c */; };
		C80A0254180BA897007ECCD1 /* ioapi.h in Headers */ = {isa = PBXBuildFile; fileRef = C80A023A180BA896007ECCD1 /* ioapi.h */; };
		C80A0256180BA897007ECCD1 /* trees.c in Sources */ = {isa = PBXBuildFile; fileRef = C80A023C180BA896007ECCD1 /* trees.c */; };
		C80A0257180BA897007ECCD1 /* trees.h in Headers */ = {isa = PBXBuildFile; fileRef = C80A023D180BA896007ECCD1 /* trees.h */; };
		C80A0258180BA897007ECCD1 /* uncompr.c in Sources */ = {isa = PBXBuildFile; fileRef = C80A023E180BA896007ECCD1 /* uncompr.c */; };
		C80A0259180BA897007ECCD1 /* unzip.c in Sources */ = {isa = PBXBuildFile; fileRef = C80A023F180BA896007ECCD1 /* unzip.c */; };
		C80A025A180BA897007ECCD1 /* unzip.h in Headers */ = {isa = PBXBuildFile; fileRef = C80A0240180BA896007ECCD1 /* unzip.h */; };
		C80A025B180BA897007ECCD1 /* zconf.h in Headers */ = {isa = PBXBuildFile; fileRef = C80A0241180BA896007ECCD1 /* zconf.h */; };
		C80A025C180BA897007ECCD1 /* zlib.h in Headers */ = {isa = PBXBuildFile; fileRef = C80A0242180BA896007ECCD1 /* zlib.h */; };
		C80A025D180BA897007ECCD1 /* zutil.c in Sources */ = {isa = PBXBuildFile; fileRef = C80A0243180BA896007ECCD1 /* zutil.c */; };
		C80A025E180BA897007ECCD1 /* zutil.h in Headers */ = {isa = PBXBuildFile; fileRef = C80A0244180BA897007ECCD1 /* zutil.h */; };
		C80A0279180BA8B3007ECCD1 /* json_batchallocator.h in Headers */ = {isa = PBXBuildFile; fileRef = C80A0269180BA8B2007ECCD1 /* json_batchallocator.h */; };
		C80A027A180BA8B3007ECCD1 /* json_reader.cpp in Sources */ = {isa = PBXBuildFile; fileRef = C80A026C180BA8B2007ECCD1 /* json_reader.cpp */; };
		C80A027B180BA8B3007ECCD1 /* json_value.cpp in Sources */ = {isa = PBXBuildFile; fileRef = C80A026D180BA8B2007ECCD1 /* json_value.cpp */; };
		C80A027C180BA8B3007ECCD1 /* json_writer.cpp in Sources */ = {isa = PBXBuildFile; fileRef = C80A026F180BA8B3007ECCD1 /* json_writer.cpp */; };
		C80A0284180BA8C6007ECCD1 /* sqlite3.c in Sources */ = {isa = PBXBuildFile; fileRef = C80A0280180BA8C6007ECCD1 /* sqlite3.c */; };
		C80A0285180BA8C6007ECCD1 /* sqlite3.h in Headers */ = {isa = PBXBuildFile; fileRef = C80A0281180BA8C6007ECCD1 /* sqlite3.h */; };
		C80A0286180BA8C6007ECCD1 /* sqlite3ext.h in Headers */ = {isa = PBXBuildFile; fileRef = C80A0282180BA8C6007ECCD1 /* sqlite3ext.h */; };
/* End PBXBuildFile section */

/* Begin PBXFileReference section */
		21C9122E16D766080059A715 /* libHawkUtil.a */ = {isa = PBXFileReference; explicitFileType = archive.ar; includeInIndex = 0; path = libHawkUtil.a; sourceTree = BUILT_PRODUCTS_DIR; };
		C80A012C180BA7EB007ECCD1 /* HawkAnyType.h */ = {isa = PBXFileReference; fileEncoding = 4; lastKnownFileType = sourcecode.c.h; name = HawkAnyType.h; path = ../HawkAnyType.h; sourceTree = "<group>"; };
		C80A012D180BA7EB007ECCD1 /* HawkAtomic.h */ = {isa = PBXFileReference; fileEncoding = 4; lastKnownFileType = sourcecode.c.h; name = HawkAtomic.h; path = ../HawkAtomic.h; sourceTree = "<group>"; };
		C80A012E180BA7EB007ECCD1 /* HawkBase64.cpp */ = {isa = PBXFileReference; fileEncoding = 4; lastKnownFileType = sourcecode.cpp.cpp; name = HawkBase64.cpp; path = ../HawkBase64.cpp; sourceTree = "<group>"; };
		C80A012F180BA7EB007ECCD1 /* HawkBase64.h */ = {isa = PBXFileReference; fileEncoding = 4; lastKnownFileType = sourcecode.c.h; name = HawkBase64.h; path = ../HawkBase64.h; sourceTree = "<group>"; };
		C80A0130180BA7EC007ECCD1 /* HawkBinCfgFile.cpp */ = {isa = PBXFileReference; fileEncoding = 4; lastKnownFileType = sourcecode.cpp.cpp; name = HawkBinCfgFile.cpp; path = ../HawkBinCfgFile.cpp; sourceTree = "<group>"; };
		C80A0131180BA7EC007ECCD1 /* HawkBinCfgFile.h */ = {isa = PBXFileReference; fileEncoding = 4; lastKnownFileType = sourcecode.c.h; name = HawkBinCfgFile.h; path = ../HawkBinCfgFile.h; sourceTree = "<group>"; };
		C80A0132180BA7EC007ECCD1 /* HawkByteOrder.h */ = {isa = PBXFileReference; fileEncoding = 4; lastKnownFileType = sourcecode.c.h; name = HawkByteOrder.h; path = ../HawkByteOrder.h; sourceTree = "<group>"; };
		C80A0133180BA7EC007ECCD1 /* HawkCallback.h */ = {isa = PBXFileReference; fileEncoding = 4; lastKnownFileType = sourcecode.c.h; name = HawkCallback.h; path = ../HawkCallback.h; sourceTree = "<group>"; };
		C80A0134180BA7EC007ECCD1 /* HawkCounter.cpp */ = {isa = PBXFileReference; fileEncoding = 4; lastKnownFileType = sourcecode.cpp.cpp; name = HawkCounter.cpp; path = ../HawkCounter.cpp; sourceTree = "<group>"; };
		C80A0135180BA7EC007ECCD1 /* HawkCounter.h */ = {isa = PBXFileReference; fileEncoding = 4; lastKnownFileType = sourcecode.c.h; name = HawkCounter.h; path = ../HawkCounter.h; sourceTree = "<group>"; };
		C80A0136180BA7EC007ECCD1 /* HawkDemutexTable.h */ = {isa = PBXFileReference; fileEncoding = 4; lastKnownFileType = sourcecode.c.h; name = HawkDemutexTable.h; path = ../HawkDemutexTable.h; sourceTree = "<group>"; };
		C80A0137180BA7EC007ECCD1 /* HawkDiskFile.cpp */ = {isa = PBXFileReference; fileEncoding = 4; lastKnownFileType = sourcecode.cpp.cpp; name = HawkDiskFile.cpp; path = ../HawkDiskFile.cpp; sourceTree = "<group>"; };
		C80A0138180BA7EC007ECCD1 /* HawkDiskFile.h */ = {isa = PBXFileReference; fileEncoding = 4; lastKnownFileType = sourcecode.c.h; name = HawkDiskFile.h; path = ../HawkDiskFile.h; sourceTree = "<group>"; };
		C80A0139180BA7EC007ECCD1 /* HawkException.cpp */ = {isa = PBXFileReference; fileEncoding = 4; lastKnownFileType = sourcecode.cpp.cpp; name = HawkException.cpp; path = ../HawkException.cpp; sourceTree = "<group>"; };
		C80A013A180BA7EC007ECCD1 /* HawkException.h */ = {isa = PBXFileReference; fileEncoding = 4; lastKnownFileType = sourcecode.c.h; name = HawkException.h; path = ../HawkException.h; sourceTree = "<group>"; };
		C80A013B180BA7EC007ECCD1 /* HawkFile.cpp */ = {isa = PBXFileReference; fileEncoding = 4; lastKnownFileType = sourcecode.cpp.cpp; name = HawkFile.cpp; path = ../HawkFile.cpp; sourceTree = "<group>"; };
		C80A013C180BA7EC007ECCD1 /* HawkFile.h */ = {isa = PBXFileReference; fileEncoding = 4; lastKnownFileType = sourcecode.c.h; name = HawkFile.h; path = ../HawkFile.h; sourceTree = "<group>"; };
		C80A013D180BA7EC007ECCD1 /* HawkFileSender.cpp */ = {isa = PBXFileReference; fileEncoding = 4; lastKnownFileType = sourcecode.cpp.cpp; name = HawkFileSender.cpp; path = ../HawkFileSender.cpp; sourceTree = "<group>"; };
		C80A013E180BA7EC007ECCD1 /* HawkFileSender.h */ = {isa = PBXFileReference; fileEncoding = 4; lastKnownFileType = sourcecode.c.h; name = HawkFileSender.h; path = ../HawkFileSender.h; sourceTree = "<group>"; };
		C80A013F180BA7EC007ECCD1 /* HawkFolder.cpp */ = {isa = PBXFileReference; fileEncoding = 4; lastKnownFileType = sourcecode.cpp.cpp; name = HawkFolder.cpp; path = ../HawkFolder.cpp; sourceTree = "<group>"; };
		C80A0140180BA7EC007ECCD1 /* HawkFolder.h */ = {isa = PBXFileReference; fileEncoding = 4; lastKnownFileType = sourcecode.c.h; name = HawkFolder.h; path = ../HawkFolder.h; sourceTree = "<group>"; };
		C80A0141180BA7EC007ECCD1 /* HawkGateSecurity.cpp */ = {isa = PBXFileReference; fileEncoding = 4; lastKnownFileType = sourcecode.cpp.cpp; name = HawkGateSecurity.cpp; path = ../HawkGateSecurity.cpp; sourceTree = "<group>"; };
		C80A0142180BA7EC007ECCD1 /* HawkGateSecurity.h */ = {isa = PBXFileReference; fileEncoding = 4; lastKnownFileType = sourcecode.c.h; name = HawkGateSecurity.h; path = ../HawkGateSecurity.h; sourceTree = "<group>"; };
		C80A0143180BA7EC007ECCD1 /* HawkHash.cpp */ = {isa = PBXFileReference; fileEncoding = 4; lastKnownFileType = sourcecode.cpp.cpp; name = HawkHash.cpp; path = ../HawkHash.cpp; sourceTree = "<group>"; };
		C80A0144180BA7EC007ECCD1 /* HawkHash.h */ = {isa = PBXFileReference; fileEncoding = 4; lastKnownFileType = sourcecode.c.h; name = HawkHash.h; path = ../HawkHash.h; sourceTree = "<group>"; };
		C80A0145180BA7EC007ECCD1 /* HawkHeapArray.h */ = {isa = PBXFileReference; fileEncoding = 4; lastKnownFileType = sourcecode.c.h; name = HawkHeapArray.h; path = ../HawkHeapArray.h; sourceTree = "<group>"; };
		C80A0146180BA7EC007ECCD1 /* HawkHMACSHA1Security.cpp */ = {isa = PBXFileReference; fileEncoding = 4; lastKnownFileType = sourcecode.cpp.cpp; name = HawkHMACSHA1Security.cpp; path = ../HawkHMACSHA1Security.cpp; sourceTree = "<group>"; };
		C80A0147180BA7EC007ECCD1 /* HawkHMACSHA1Security.h */ = {isa = PBXFileReference; fileEncoding = 4; lastKnownFileType = sourcecode.c.h; name = HawkHMACSHA1Security.h; path = ../HawkHMACSHA1Security.h; sourceTree = "<group>"; };
		C80A0148180BA7EC007ECCD1 /* HawkIPAddr.cpp */ = {isa = PBXFileReference; fileEncoding = 4; lastKnownFileType = sourcecode.cpp.cpp; name = HawkIPAddr.cpp; path = ../HawkIPAddr.cpp; sourceTree = "<group>"; };
		C80A0149180BA7EC007ECCD1 /* HawkIPAddr.h */ = {isa = PBXFileReference; fileEncoding = 4; lastKnownFileType = sourcecode.c.h; name = HawkIPAddr.h; path = ../HawkIPAddr.h; sourceTree = "<group>"; };
		C80A014A180BA7EC007ECCD1 /* HawkJson.cpp */ = {isa = PBXFileReference; fileEncoding = 4; lastKnownFileType = sourcecode.cpp.cpp; name = HawkJson.cpp; path = ../HawkJson.cpp; sourceTree = "<group>"; };
		C80A014B180BA7EC007ECCD1 /* HawkJson.h */ = {isa = PBXFileReference; fileEncoding = 4; lastKnownFileType = sourcecode.c.h; name = HawkJson.h; path = ../HawkJson.h; sourceTree = "<group>"; };
		C80A014C180BA7EC007ECCD1 /* HawkLogger.cpp */ = {isa = PBXFileReference; fileEncoding = 4; lastKnownFileType = sourcecode.cpp.cpp; name = HawkLogger.cpp; path = ../HawkLogger.cpp; sourceTree = "<group>"; };
		C80A014D180BA7EC007ECCD1 /* HawkLogger.h */ = {isa = PBXFileReference; fileEncoding = 4; lastKnownFileType = sourcecode.c.h; name = HawkLogger.h; path = ../HawkLogger.h; sourceTree = "<group>"; };
		C80A014E180BA7EC007ECCD1 /* HawkLoggerManager.cpp */ = {isa = PBXFileReference; fileEncoding = 4; lastKnownFileType = sourcecode.cpp.cpp; name = HawkLoggerManager.cpp; path = ../HawkLoggerManager.cpp; sourceTree = "<group>"; };
		C80A014F180BA7EC007ECCD1 /* HawkLoggerManager.h */ = {isa = PBXFileReference; fileEncoding = 4; lastKnownFileType = sourcecode.c.h; name = HawkLoggerManager.h; path = ../HawkLoggerManager.h; sourceTree = "<group>"; };
		C80A0150180BA7EC007ECCD1 /* HawkMalloc.cpp */ = {isa = PBXFileReference; fileEncoding = 4; lastKnownFileType = sourcecode.cpp.cpp; name = HawkMalloc.cpp; path = ../HawkMalloc.cpp; sourceTree = "<group>"; };
		C80A0151180BA7EC007ECCD1 /* HawkMalloc.h */ = {isa = PBXFileReference; fileEncoding = 4; lastKnownFileType = sourcecode.c.h; name = HawkMalloc.h; path = ../HawkMalloc.h; sourceTree = "<group>"; };
		C80A0152180BA7EC007ECCD1 /* HawkManagerBase.cpp */ = {isa = PBXFileReference; fileEncoding = 4; lastKnownFileType = sourcecode.cpp.cpp; name = HawkManagerBase.cpp; path = ../HawkManagerBase.cpp; sourceTree = "<group>"; };
		C80A0153180BA7EC007ECCD1 /* HawkManagerBase.h */ = {isa = PBXFileReference; fileEncoding = 4; lastKnownFileType = sourcecode.c.h; name = HawkManagerBase.h; path = ../HawkManagerBase.h; sourceTree = "<group>"; };
		C80A0154180BA7EC007ECCD1 /* HawkMarshal.cpp */ = {isa = PBXFileReference; fileEncoding = 4; lastKnownFileType = sourcecode.cpp.cpp; name = HawkMarshal.cpp; path = ../HawkMarshal.cpp; sourceTree = "<group>"; };
		C80A0155180BA7EC007ECCD1 /* HawkMarshal.h */ = {isa = PBXFileReference; fileEncoding = 4; lastKnownFileType = sourcecode.c.h; name = HawkMarshal.h; path = ../HawkMarshal.h; sourceTree = "<group>"; };
		C80A0156180BA7EC007ECCD1 /* HawkMarshalData.cpp */ = {isa = PBXFileReference; fileEncoding = 4; lastKnownFileType = sourcecode.cpp.cpp; name = HawkMarshalData.cpp; path = ../HawkMarshalData.cpp; sourceTree = "<group>"; };
		C80A0157180BA7EC007ECCD1 /* HawkMarshalData.h */ = {isa = PBXFileReference; fileEncoding = 4; lastKnownFileType = sourcecode.c.h; name = HawkMarshalData.h; path = ../HawkMarshalData.h; sourceTree = "<group>"; };
		C80A0158180BA7EC007ECCD1 /* HawkMath.cpp */ = {isa = PBXFileReference; fileEncoding = 4; lastKnownFileType = sourcecode.cpp.cpp; name = HawkMath.cpp; path = ../HawkMath.cpp; sourceTree = "<group>"; };
		C80A0159180BA7EC007ECCD1 /* HawkMath.h */ = {isa = PBXFileReference; fileEncoding = 4; lastKnownFileType = sourcecode.c.h; name = HawkMath.h; path = ../HawkMath.h; sourceTree = "<group>"; };
		C80A015A180BA7EC007ECCD1 /* HawkMd5.cpp */ = {isa = PBXFileReference; fileEncoding = 4; lastKnownFileType = sourcecode.cpp.cpp; name = HawkMd5.cpp; path = ../HawkMd5.cpp; sourceTree = "<group>"; };
		C80A015B180BA7EC007ECCD1 /* HawkMd5.h */ = {isa = PBXFileReference; fileEncoding = 4; lastKnownFileType = sourcecode.c.h; name = HawkMd5.h; path = ../HawkMd5.h; sourceTree = "<group>"; };
		C80A015C180BA7EC007ECCD1 /* HawkMemoryFile.cpp */ = {isa = PBXFileReference; fileEncoding = 4; lastKnownFileType = sourcecode.cpp.cpp; name = HawkMemoryFile.cpp; path = ../HawkMemoryFile.cpp; sourceTree = "<group>"; };
		C80A015D180BA7EC007ECCD1 /* HawkMemoryFile.h */ = {isa = PBXFileReference; fileEncoding = 4; lastKnownFileType = sourcecode.c.h; name = HawkMemoryFile.h; path = ../HawkMemoryFile.h; sourceTree = "<group>"; };
		C80A015E180BA7EC007ECCD1 /* HawkMsg.cpp */ = {isa = PBXFileReference; fileEncoding = 4; lastKnownFileType = sourcecode.cpp.cpp; name = HawkMsg.cpp; path = ../HawkMsg.cpp; sourceTree = "<group>"; };
		C80A015F180BA7EC007ECCD1 /* HawkMsg.h */ = {isa = PBXFileReference; fileEncoding = 4; lastKnownFileType = sourcecode.c.h; name = HawkMsg.h; path = ../HawkMsg.h; sourceTree = "<group>"; };
		C80A0160180BA7EC007ECCD1 /* HawkMsgListener.cpp */ = {isa = PBXFileReference; fileEncoding = 4; lastKnownFileType = sourcecode.cpp.cpp; name = HawkMsgListener.cpp; path = ../HawkMsgListener.cpp; sourceTree = "<group>"; };
		C80A0161180BA7EC007ECCD1 /* HawkMsgListener.h */ = {isa = PBXFileReference; fileEncoding = 4; lastKnownFileType = sourcecode.c.h; name = HawkMsgListener.h; path = ../HawkMsgListener.h; sourceTree = "<group>"; };
		C80A0162180BA7EC007ECCD1 /* HawkMsgManager.cpp */ = {isa = PBXFileReference; fileEncoding = 4; lastKnownFileType = sourcecode.cpp.cpp; name = HawkMsgManager.cpp; path = ../HawkMsgManager.cpp; sourceTree = "<group>"; };
		C80A0163180BA7EC007ECCD1 /* HawkMsgManager.h */ = {isa = PBXFileReference; fileEncoding = 4; lastKnownFileType = sourcecode.c.h; name = HawkMsgManager.h; path = ../HawkMsgManager.h; sourceTree = "<group>"; };
		C80A0164180BA7EC007ECCD1 /* HawkMsgPump.cpp */ = {isa = PBXFileReference; fileEncoding = 4; lastKnownFileType = sourcecode.cpp.cpp; name = HawkMsgPump.cpp; path = ../HawkMsgPump.cpp; sourceTree = "<group>"; };
		C80A0165180BA7EC007ECCD1 /* HawkMsgPump.h */ = {isa = PBXFileReference; fileEncoding = 4; lastKnownFileType = sourcecode.c.h; name = HawkMsgPump.h; path = ../HawkMsgPump.h; sourceTree = "<group>"; };
		C80A0166180BA7EC007ECCD1 /* HawkMutex.cpp */ = {isa = PBXFileReference; fileEncoding = 4; lastKnownFileType = sourcecode.cpp.cpp; name = HawkMutex.cpp; path = ../HawkMutex.cpp; sourceTree = "<group>"; };
		C80A0167180BA7EC007ECCD1 /* HawkMutex.h */ = {isa = PBXFileReference; fileEncoding = 4; lastKnownFileType = sourcecode.c.h; name = HawkMutex.h; path = ../HawkMutex.h; sourceTree = "<group>"; };
		C80A0168180BA7EC007ECCD1 /* HawkOctets.cpp */ = {isa = PBXFileReference; fileEncoding = 4; lastKnownFileType = sourcecode.cpp.cpp; name = HawkOctets.cpp; path = ../HawkOctets.cpp; sourceTree = "<group>"; };
		C80A0169180BA7EC007ECCD1 /* HawkOctets.h */ = {isa = PBXFileReference; fileEncoding = 4; lastKnownFileType = sourcecode.c.h; name = HawkOctets.h; path = ../HawkOctets.h; sourceTree = "<group>"; };
		C80A016A180BA7EC007ECCD1 /* HawkOctetsStream.cpp */ = {isa = PBXFileReference; fileEncoding = 4; lastKnownFileType = sourcecode.cpp.cpp; name = HawkOctetsStream.cpp; path = ../HawkOctetsStream.cpp; sourceTree = "<group>"; };
		C80A016B180BA7EC007ECCD1 /* HawkOctetsStream.h */ = {isa = PBXFileReference; fileEncoding = 4; lastKnownFileType = sourcecode.c.h; name = HawkOctetsStream.h; path = ../HawkOctetsStream.h; sourceTree = "<group>"; };
		C80A016C180BA7EC007ECCD1 /* HawkOSOperator.cpp */ = {isa = PBXFileReference; fileEncoding = 4; lastKnownFileType = sourcecode.cpp.cpp; name = HawkOSOperator.cpp; path = ../HawkOSOperator.cpp; sourceTree = "<group>"; };
		C80A016D180BA7EC007ECCD1 /* HawkOSOperator.h */ = {isa = PBXFileReference; fileEncoding = 4; lastKnownFileType = sourcecode.c.h; name = HawkOSOperator.h; path = ../HawkOSOperator.h; sourceTree = "<group>"; };
		C80A016E180BA7EC007ECCD1 /* HawkPackage.cpp */ = {isa = PBXFileReference; fileEncoding = 4; lastKnownFileType = sourcecode.cpp.cpp; name = HawkPackage.cpp; path = ../HawkPackage.cpp; sourceTree = "<group>"; };
		C80A016F180BA7EC007ECCD1 /* HawkPackage.h */ = {isa = PBXFileReference; fileEncoding = 4; lastKnownFileType = sourcecode.c.h; name = HawkPackage.h; path = ../HawkPackage.h; sourceTree = "<group>"; };
		C80A0170180BA7EC007ECCD1 /* HawkParamVector.cpp */ = {isa = PBXFileReference; fileEncoding = 4; lastKnownFileType = sourcecode.cpp.cpp; name = HawkParamVector.cpp; path = ../HawkParamVector.cpp; sourceTree = "<group>"; };
		C80A0171180BA7EC007ECCD1 /* HawkParamVector.h */ = {isa = PBXFileReference; fileEncoding = 4; lastKnownFileType = sourcecode.c.h; name = HawkParamVector.h; path = ../HawkParamVector.h; sourceTree = "<group>"; };
		C80A0172180BA7EC007ECCD1 /* HawkProtocol.cpp */ = {isa = PBXFileReference; fileEncoding = 4; lastKnownFileType = sourcecode.cpp.cpp; name = HawkProtocol.cpp; path = ../HawkProtocol.cpp; sourceTree = "<group>"; };
		C80A0173180BA7EC007ECCD1 /* HawkProtocol.h */ = {isa = PBXFileReference; fileEncoding = 4; lastKnownFileType = sourcecode.c.h; name = HawkProtocol.h; path = ../HawkProtocol.h; sourceTree = "<group>"; };
		C80A0174180BA7EC007ECCD1 /* HawkProtocolManager.cpp */ = {isa = PBXFileReference; fileEncoding = 4; lastKnownFileType = sourcecode.cpp.cpp; name = HawkProtocolManager.cpp; path = ../HawkProtocolManager.cpp; sourceTree = "<group>"; };
		C80A0175180BA7EC007ECCD1 /* HawkProtocolManager.h */ = {isa = PBXFileReference; fileEncoding = 4; lastKnownFileType = sourcecode.c.h; name = HawkProtocolManager.h; path = ../HawkProtocolManager.h; sourceTree = "<group>"; };
		C80A0176180BA7EC007ECCD1 /* HawkRand.cpp */ = {isa = PBXFileReference; fileEncoding = 4; lastKnownFileType = sourcecode.cpp.cpp; name = HawkRand.cpp; path = ../HawkRand.cpp; sourceTree = "<group>"; };
		C80A0177180BA7EC007ECCD1 /* HawkRand.h */ = {isa = PBXFileReference; fileEncoding = 4; lastKnownFileType = sourcecode.c.h; name = HawkRand.h; path = ../HawkRand.h; sourceTree = "<group>"; };
		C80A0178180BA7EC007ECCD1 /* HawkRC4Security.cpp */ = {isa = PBXFileReference; fileEncoding = 4; lastKnownFileType = sourcecode.cpp.cpp; name = HawkRC4Security.cpp; path = ../HawkRC4Security.cpp; sourceTree = "<group>"; };
		C80A0179180BA7EC007ECCD1 /* HawkRC4Security.h */ = {isa = PBXFileReference; fileEncoding = 4; lastKnownFileType = sourcecode.c.h; name = HawkRC4Security.h; path = ../HawkRC4Security.h; sourceTree = "<group>"; };
		C80A017A180BA7EC007ECCD1 /* HawkRefCounter.cpp */ = {isa = PBXFileReference; fileEncoding = 4; lastKnownFileType = sourcecode.cpp.cpp; name = HawkRefCounter.cpp; path = ../HawkRefCounter.cpp; sourceTree = "<group>"; };
		C80A017B180BA7EC007ECCD1 /* HawkRefCounter.h */ = {isa = PBXFileReference; fileEncoding = 4; lastKnownFileType = sourcecode.c.h; name = HawkRefCounter.h; path = ../HawkRefCounter.h; sourceTree = "<group>"; };
		C80A017C180BA7EC007ECCD1 /* HawkRingBuffer.h */ = {isa = PBXFileReference; fileEncoding = 4; lastKnownFileType = sourcecode.c.h; name = HawkRingBuffer.h; path = ../HawkRingBuffer.h; sourceTree = "<group>"; };
		C80A017D180BA7EC007ECCD1 /* HawkRWEFds.cpp */ = {isa = PBXFileReference; fileEncoding = 4; lastKnownFileType = sourcecode.cpp.cpp; name = HawkRWEFds.cpp; path = ../HawkRWEFds.cpp; sourceTree = "<group>"; };
		C80A017E180BA7EC007ECCD1 /* HawkRWEFds.h */ = {isa = PBXFileReference; fileEncoding = 4; lastKnownFileType = sourcecode.c.h; name = HawkRWEFds.h; path = ../HawkRWEFds.h; sourceTree = "<group>"; };
		C80A017F180BA7EC007ECCD1 /* HawkScope.cpp */ = {isa = PBXFileReference; fileEncoding = 4; lastKnownFileType = sourcecode.cpp.cpp; name = HawkScope.cpp; path = ../HawkScope.cpp; sourceTree = "<group>"; };
		C80A0180180BA7EC007ECCD1 /* HawkScope.h */ = {isa = PBXFileReference; fileEncoding = 4; lastKnownFileType = sourcecode.c.h; name = HawkScope.h; path = ../HawkScope.h; sourceTree = "<group>"; };
		C80A0181180BA7EC007ECCD1 /* HawkSecurity.cpp */ = {isa = PBXFileReference; fileEncoding = 4; lastKnownFileType = sourcecode.cpp.cpp; name = HawkSecurity.cpp; path = ../HawkSecurity.cpp; sourceTree = "<group>"; };
		C80A0182180BA7ED007ECCD1 /* HawkSecurity.h */ = {isa = PBXFileReference; fileEncoding = 4; lastKnownFileType = sourcecode.c.h; name = HawkSecurity.h; path = ../HawkSecurity.h; sourceTree = "<group>"; };
		C80A0183180BA7ED007ECCD1 /* HawkSession.cpp */ = {isa = PBXFileReference; fileEncoding = 4; lastKnownFileType = sourcecode.cpp.cpp; name = HawkSession.cpp; path = ../HawkSession.cpp; sourceTree = "<group>"; };
		C80A0184180BA7ED007ECCD1 /* HawkSession.h */ = {isa = PBXFileReference; fileEncoding = 4; lastKnownFileType = sourcecode.c.h; name = HawkSession.h; path = ../HawkSession.h; sourceTree = "<group>"; };
		C80A0185180BA7ED007ECCD1 /* HawkSHA1Security.cpp */ = {isa = PBXFileReference; fileEncoding = 4; lastKnownFileType = sourcecode.cpp.cpp; name = HawkSHA1Security.cpp; path = ../HawkSHA1Security.cpp; sourceTree = "<group>"; };
		C80A0186180BA7ED007ECCD1 /* HawkSHA1Security.h */ = {isa = PBXFileReference; fileEncoding = 4; lastKnownFileType = sourcecode.c.h; name = HawkSHA1Security.h; path = ../HawkSHA1Security.h; sourceTree = "<group>"; };
		C80A0187180BA7ED007ECCD1 /* HawkSmartPtr.h */ = {isa = PBXFileReference; fileEncoding = 4; lastKnownFileType = sourcecode.c.h; name = HawkSmartPtr.h; path = ../HawkSmartPtr.h; sourceTree = "<group>"; };
		C80A0188180BA7ED007ECCD1 /* HawkSocket.cpp */ = {isa = PBXFileReference; fileEncoding = 4; lastKnownFileType = sourcecode.cpp.cpp; name = HawkSocket.cpp; path = ../HawkSocket.cpp; sourceTree = "<group>"; };
		C80A0189180BA7ED007ECCD1 /* HawkSocket.h */ = {isa = PBXFileReference; fileEncoding = 4; lastKnownFileType = sourcecode.c.h; name = HawkSocket.h; path = ../HawkSocket.h; sourceTree = "<group>"; };
		C80A018A180BA7ED007ECCD1 /* HawkSocketAddr.cpp */ = {isa = PBXFileReference; fileEncoding = 4; lastKnownFileType = sourcecode.cpp.cpp; name = HawkSocketAddr.cpp; path = ../HawkSocketAddr.cpp; sourceTree = "<group>"; };
		C80A018B180BA7ED007ECCD1 /* HawkSocketAddr.h */ = {isa = PBXFileReference; fileEncoding = 4; lastKnownFileType = sourcecode.c.h; name = HawkSocketAddr.h; path = ../HawkSocketAddr.h; sourceTree = "<group>"; };
		C80A018C180BA7ED007ECCD1 /* HawkSocketPair.cpp */ = {isa = PBXFileReference; fileEncoding = 4; lastKnownFileType = sourcecode.cpp.cpp; name = HawkSocketPair.cpp; path = ../HawkSocketPair.cpp; sourceTree = "<group>"; };
		C80A018D180BA7ED007ECCD1 /* HawkSocketPair.h */ = {isa = PBXFileReference; fileEncoding = 4; lastKnownFileType = sourcecode.c.h; name = HawkSocketPair.h; path = ../HawkSocketPair.h; sourceTree = "<group>"; };
		C80A018E180BA7ED007ECCD1 /* HawkSqlite.cpp */ = {isa = PBXFileReference; fileEncoding = 4; lastKnownFileType = sourcecode.cpp.cpp; name = HawkSqlite.cpp; path = ../HawkSqlite.cpp; sourceTree = "<group>"; };
		C80A018F180BA7ED007ECCD1 /* HawkSqlite.h */ = {isa = PBXFileReference; fileEncoding = 4; lastKnownFileType = sourcecode.c.h; name = HawkSqlite.h; path = ../HawkSqlite.h; sourceTree = "<group>"; };
		C80A0190180BA7ED007ECCD1 /* HawkStdHeader.h */ = {isa = PBXFileReference; fileEncoding = 4; lastKnownFileType = sourcecode.c.h; name = HawkStdHeader.h; path = ../HawkStdHeader.h; sourceTree = "<group>"; };
		C80A0191180BA7ED007ECCD1 /* HawkStreamCompress.cpp */ = {isa = PBXFileReference; fileEncoding = 4; lastKnownFileType = sourcecode.cpp.cpp; name = HawkStreamCompress.cpp; path = ../HawkStreamCompress.cpp; sourceTree = "<group>"; };
		C80A0192180BA7ED007ECCD1 /* HawkStreamCompress.h */ = {isa = PBXFileReference; fileEncoding = 4; lastKnownFileType = sourcecode.c.h; name = HawkStreamCompress.h; path = ../HawkStreamCompress.h; sourceTree = "<group>"; };
		C80A0193180BA7ED007ECCD1 /* HawkStringUtil.cpp */ = {isa = PBXFileReference; fileEncoding = 4; lastKnownFileType = sourcecode.cpp.cpp; name = HawkStringUtil.cpp; path = ../HawkStringUtil.cpp; sourceTree = "<group>"; };
		C80A0194180BA7ED007ECCD1 /* HawkStringUtil.h */ = {isa = PBXFileReference; fileEncoding = 4; lastKnownFileType = sourcecode.c.h; name = HawkStringUtil.h; path = ../HawkStringUtil.h; sourceTree = "<group>"; };
		C80A0195180BA7ED007ECCD1 /* HawkSysProtocol.h */ = {isa = PBXFileReference; fileEncoding = 4; lastKnownFileType = sourcecode.c.h; name = HawkSysProtocol.h; path = ../HawkSysProtocol.h; sourceTree = "<group>"; };
		C80A0196180BA7ED007ECCD1 /* HawkTask.cpp */ = {isa = PBXFileReference; fileEncoding = 4; lastKnownFileType = sourcecode.cpp.cpp; name = HawkTask.cpp; path = ../HawkTask.cpp; sourceTree = "<group>"; };
		C80A0197180BA7ED007ECCD1 /* HawkTask.h */ = {isa = PBXFileReference; fileEncoding = 4; lastKnownFileType = sourcecode.c.h; name = HawkTask.h; path = ../HawkTask.h; sourceTree = "<group>"; };
		C80A0198180BA7ED007ECCD1 /* HawkThread.cpp */ = {isa = PBXFileReference; fileEncoding = 4; lastKnownFileType = sourcecode.cpp.cpp; name = HawkThread.cpp; path = ../HawkThread.cpp; sourceTree = "<group>"; };
		C80A0199180BA7ED007ECCD1 /* HawkThread.h */ = {isa = PBXFileReference; fileEncoding = 4; lastKnownFileType = sourcecode.c.h; name = HawkThread.h; path = ../HawkThread.h; sourceTree = "<group>"; };
		C80A019A180BA7ED007ECCD1 /* HawkTimerManager.cpp */ = {isa = PBXFileReference; fileEncoding = 4; lastKnownFileType = sourcecode.cpp.cpp; name = HawkTimerManager.cpp; path = ../HawkTimerManager.cpp; sourceTree = "<group>"; };
		C80A019B180BA7ED007ECCD1 /* HawkTimerManager.h */ = {isa = PBXFileReference; fileEncoding = 4; lastKnownFileType = sourcecode.c.h; name = HawkTimerManager.h; path = ../HawkTimerManager.h; sourceTree = "<group>"; };
		C80A019C180BA7ED007ECCD1 /* HawkUtil.cpp */ = {isa = PBXFileReference; fileEncoding = 4; lastKnownFileType = sourcecode.cpp.cpp; name = HawkUtil.cpp; path = ../HawkUtil.cpp; sourceTree = "<group>"; };
		C80A019D180BA7ED007ECCD1 /* HawkUtil.h */ = {isa = PBXFileReference; fileEncoding = 4; lastKnownFileType = sourcecode.c.h; name = HawkUtil.h; path = ../HawkUtil.h; sourceTree = "<group>"; };
		C80A019E180BA7ED007ECCD1 /* HawkValueHolder.h */ = {isa = PBXFileReference; fileEncoding = 4; lastKnownFileType = sourcecode.c.h; name = HawkValueHolder.h; path = ../HawkValueHolder.h; sourceTree = "<group>"; };
		C80A019F180BA7ED007ECCD1 /* HawkXID.h */ = {isa = PBXFileReference; fileEncoding = 4; lastKnownFileType = sourcecode.c.h; name = HawkXID.h; path = ../HawkXID.h; sourceTree = "<group>"; };
		C80A01A0180BA7ED007ECCD1 /* HawkXmlAttribute.h */ = {isa = PBXFileReference; fileEncoding = 4; lastKnownFileType = sourcecode.c.h; name = HawkXmlAttribute.h; path = ../HawkXmlAttribute.h; sourceTree = "<group>"; };
		C80A01A1180BA7ED007ECCD1 /* HawkXmlDocument.h */ = {isa = PBXFileReference; fileEncoding = 4; lastKnownFileType = sourcecode.c.h; name = HawkXmlDocument.h; path = ../HawkXmlDocument.h; sourceTree = "<group>"; };
		C80A01A2180BA7ED007ECCD1 /* HawkXmlElement.h */ = {isa = PBXFileReference; fileEncoding = 4; lastKnownFileType = sourcecode.c.h; name = HawkXmlElement.h; path = ../HawkXmlElement.h; sourceTree = "<group>"; };
		C80A01A3180BA7ED007ECCD1 /* HawkXmlFile.cpp */ = {isa = PBXFileReference; fileEncoding = 4; lastKnownFileType = sourcecode.cpp.cpp; name = HawkXmlFile.cpp; path = ../HawkXmlFile.cpp; sourceTree = "<group>"; };
		C80A01A4180BA7ED007ECCD1 /* HawkXmlFile.h */ = {isa = PBXFileReference; fileEncoding = 4; lastKnownFileType = sourcecode.c.h; name = HawkXmlFile.h; path = ../HawkXmlFile.h; sourceTree = "<group>"; };
		C80A01A5180BA7ED007ECCD1 /* HawkXorSecurity.cpp */ = {isa = PBXFileReference; fileEncoding = 4; lastKnownFileType = sourcecode.cpp.cpp; name = HawkXorSecurity.cpp; path = ../HawkXorSecurity.cpp; sourceTree = "<group>"; };
		C80A01A6180BA7ED007ECCD1 /* HawkXorSecurity.h */ = {isa = PBXFileReference; fileEncoding = 4; lastKnownFileType = sourcecode.c.h; name = HawkXorSecurity.h; path = ../HawkXorSecurity.h; sourceTree = "<group>"; };
		C80A01A7180BA7ED007ECCD1 /* HawkZipReader.cpp */ = {isa = PBXFileReference; fileEncoding = 4; lastKnownFileType = sourcecode.cpp.cpp; name = HawkZipReader.cpp; path = ../HawkZipReader.cpp; sourceTree = "<group>"; };
		C80A01A8180BA7ED007ECCD1 /* HawkZipReader.h */ = {isa = PBXFileReference; fileEncoding = 4; lastKnownFileType = sourcecode.c.h; name = HawkZipReader.h; path = ../HawkZipReader.h; sourceTree = "<group>"; };
		C80A01A9180BA7ED007ECCD1 /* HawkZlib.cpp */ = {isa = PBXFileReference; fileEncoding = 4; lastKnownFileType = sourcecode.cpp.cpp; name = HawkZlib.cpp; path = ../HawkZlib.cpp; sourceTree = "<group>"; };
		C80A01AA180BA7ED007ECCD1 /* HawkZlib.h */ = {isa = PBXFileReference; fileEncoding = 4; lastKnownFileType = sourcecode.c.h; name = HawkZlib.h; path = ../HawkZlib.h; sourceTree = "<group>"; };
		C80A022B180BA896007ECCD1 /* adler32.c */ = {isa = PBXFileReference; fileEncoding = 4; lastKnownFileType = sourcecode.c.c; path = adler32.c; sourceTree = "<group>"; };
		C80A022C180BA896007ECCD1 /* compress.c */ = {isa = PBXFileReference; fileEncoding = 4; lastKnownFileType = sourcecode.c.c; path = compress.c; sourceTree = "<group>"; };
		C80A022D180BA896007ECCD1 /* crc32.c */ = {isa = PBXFileReference; fileEncoding = 4; lastKnownFileType = sourcecode.c.c; path = crc32.c; sourceTree = "<group>"; };
		C80A022E180BA896007ECCD1 /* crc32.h */ = {isa = PBXFileReference; fileEncoding = 4; lastKnownFileType = sourcecode.c.h; path = crc32.h; sourceTree = "<group>"; };
		C80A022F180BA896007ECCD1 /* deflate.c */ = {isa = PBXFileReference; fileEncoding = 4; lastKnownFileType = sourcecode.c.c; path = deflate.c; sourceTree = "<group>"; };
		C80A0230180BA896007ECCD1 /* deflate.h */ = {isa = PBXFileReference; fileEncoding = 4; lastKnownFileType = sourcecode.c.h; path = deflate.h; sourceTree = "<group>"; };
		C80A0231180BA896007ECCD1 /* infback.c */ = {isa = PBXFileReference; fileEncoding = 4; lastKnownFileType = sourcecode.c.c; path = infback.c; sourceTree = "<group>"; };
		C80A0232180BA896007ECCD1 /* inffast.c */ = {isa = PBXFileReference; fileEncoding = 4; lastKnownFileType = sourcecode.c.c; path = inffast.c; sourceTree = "<group>"; };
		C80A0233180BA896007ECCD1 /* inffast.h */ = {isa = PBXFileReference; fileEncoding = 4; lastKnownFileType = sourcecode.c.h; path = inffast.h; sourceTree = "<group>"; };
		C80A0234180BA896007ECCD1 /* inffixed.h */ = {isa = PBXFileReference; fileEncoding = 4; lastKnownFileType = sourcecode.c.h; path = inffixed.h; sourceTree = "<group>"; };
		C80A0235180BA896007ECCD1 /* inflate.c */ = {isa = PBXFileReference; fileEncoding = 4; lastKnownFileType = sourcecode.c.c; path = inflate.c; sourceTree = "<group>"; };
		C80A0236180BA896007ECCD1 /* inflate.h */ = {isa = PBXFileReference; fileEncoding = 4; lastKnownFileType = sourcecode.c.h; path = inflate.h; sourceTree = "<group>"; };
		C80A0237180BA896007ECCD1 /* inftrees.c */ = {isa = PBXFileReference; fileEncoding = 4; lastKnownFileType = sourcecode.c.c; path = inftrees.c; sourceTree = "<group>"; };
		C80A0238180BA896007ECCD1 /* inftrees.h */ = {isa = PBXFileReference; fileEncoding = 4; lastKnownFileType = sourcecode.c.h; path = inftrees.h; sourceTree = "<group>"; };
		C80A0239180BA896007ECCD1 /* ioapi.c */ = {isa = PBXFileReference; fileEncoding = 4; lastKnownFileType = sourcecode.c.c; path = ioapi.c; sourceTree = "<group>"; };
		C80A023A180BA896007ECCD1 /* ioapi.h */ = {isa = PBXFileReference; fileEncoding = 4; lastKnownFileType = sourcecode.c.h; path = ioapi.h; sourceTree = "<group>"; };
		C80A023C180BA896007ECCD1 /* trees.c */ = {isa = PBXFileReference; fileEncoding = 4; lastKnownFileType = sourcecode.c.c; path = trees.c; sourceTree = "<group>"; };
		C80A023D180BA896007ECCD1 /* trees.h */ = {isa = PBXFileReference; fileEncoding = 4; lastKnownFileType = sourcecode.c.h; path = trees.h; sourceTree = "<group>"; };
		C80A023E180BA896007ECCD1 /* uncompr.c */ = {isa = PBXFileReference; fileEncoding = 4; lastKnownFileType = sourcecode.c.c; path = uncompr.c; sourceTree = "<group>"; };
		C80A023F180BA896007ECCD1 /* unzip.c */ = {isa = PBXFileReference; fileEncoding = 4; lastKnownFileType = sourcecode.c.c; path = unzip.c; sourceTree = "<group>"; };
		C80A0240180BA896007ECCD1 /* unzip.h */ = {isa = PBXFileReference; fileEncoding = 4; lastKnownFileType = sourcecode.c.h; path = unzip.h; sourceTree = "<group>"; };
		C80A0241180BA896007ECCD1 /* zconf.h */ = {isa = PBXFileReference; fileEncoding = 4; lastKnownFileType = sourcecode.c.h; path = zconf.h; sourceTree = "<group>"; };
		C80A0242180BA896007ECCD1 /* zlib.h */ = {isa = PBXFileReference; fileEncoding = 4; lastKnownFileType = sourcecode.c.h; path = zlib.h; sourceTree = "<group>"; };
		C80A0243180BA896007ECCD1 /* zutil.c */ = {isa = PBXFileReference; fileEncoding = 4; lastKnownFileType = sourcecode.c.c; path = zutil.c; sourceTree = "<group>"; };
		C80A0244180BA897007ECCD1 /* zutil.h */ = {isa = PBXFileReference; fileEncoding = 4; lastKnownFileType = sourcecode.c.h; path = zutil.h; sourceTree = "<group>"; };
		C80A0269180BA8B2007ECCD1 /* json_batchallocator.h */ = {isa = PBXFileReference; fileEncoding = 4; lastKnownFileType = sourcecode.c.h; path = json_batchallocator.h; sourceTree = "<group>"; };
		C80A026A180BA8B2007ECCD1 /* json_internalarray.inl */ = {isa = PBXFileReference; fileEncoding = 4; lastKnownFileType = text; path = json_internalarray.inl; sourceTree = "<group>"; };
		C80A026B180BA8B2007ECCD1 /* json_internalmap.inl */ = {isa = PBXFileReference; fileEncoding = 4; lastKnownFileType = text; path = json_internalmap.inl; sourceTree = "<group>"; };
		C80A026C180BA8B2007ECCD1 /* json_reader.cpp */ = {isa = PBXFileReference; fileEncoding = 4; lastKnownFileType = sourcecode.cpp.cpp; path = json_reader.cpp; sourceTree = "<group>"; };
		C80A026D180BA8B2007ECCD1 /* json_value.cpp */ = {isa = PBXFileReference; fileEncoding = 4; lastKnownFileType = sourcecode.cpp.cpp; path = json_value.cpp; sourceTree = "<group>"; };
		C80A026E180BA8B2007ECCD1 /* json_valueiterator.inl */ = {isa = PBXFileReference; fileEncoding = 4; lastKnownFileType = text; path = json_valueiterator.inl; sourceTree = "<group>"; };
		C80A026F180BA8B3007ECCD1 /* json_writer.cpp */ = {isa = PBXFileReference; fileEncoding = 4; lastKnownFileType = sourcecode.cpp.cpp; path = json_writer.cpp; sourceTree = "<group>"; };
		C80A0280180BA8C6007ECCD1 /* sqlite3.c */ = {isa = PBXFileReference; fileEncoding = 4; lastKnownFileType = sourcecode.c.c; path = sqlite3.c; sourceTree = "<group>"; };
		C80A0281180BA8C6007ECCD1 /* sqlite3.h */ = {isa = PBXFileReference; fileEncoding = 4; lastKnownFileType = sourcecode.c.h; path = sqlite3.h; sourceTree = "<group>"; };
		C80A0282180BA8C6007ECCD1 /* sqlite3ext.h */ = {isa = PBXFileReference; fileEncoding = 4; lastKnownFileType = sourcecode.c.h; path = sqlite3ext.h; sourceTree = "<group>"; };
/* End PBXFileReference section */

/* Begin PBXFrameworksBuildPhase section */
		21C9122B16D766080059A715 /* Frameworks */ = {
			isa = PBXFrameworksBuildPhase;
			buildActionMask = 2147483647;
			files = (
			);
			runOnlyForDeploymentPostprocessing = 0;
		};
/* End PBXFrameworksBuildPhase section */

/* Begin PBXGroup section */
		21C9122316D766070059A715 = {
			isa = PBXGroup;
			children = (
				21C9123716D766200059A715 /* inc */,
				21C9123616D766160059A715 /* src */,
				21C9123516D7660E0059A715 /* import */,
				21C9122F16D766080059A715 /* Products */,
			);
			sourceTree = "<group>";
		};
		21C9122F16D766080059A715 /* Products */ = {
			isa = PBXGroup;
			children = (
				21C9122E16D766080059A715 /* libHawkUtil.a */,
			);
			name = Products;
			sourceTree = "<group>";
		};
		21C9123516D7660E0059A715 /* import */ = {
			isa = PBXGroup;
			children = (
				C80A027E180BA8C6007ECCD1 /* sqlite */,
				C80A025F180BA8B2007ECCD1 /* json */,
				C80A022A180BA896007ECCD1 /* zlib */,
			);
			name = import;
			sourceTree = "<group>";
		};
		21C9123616D766160059A715 /* src */ = {
			isa = PBXGroup;
			children = (
				C80A012E180BA7EB007ECCD1 /* HawkBase64.cpp */,
				C80A0130180BA7EC007ECCD1 /* HawkBinCfgFile.cpp */,
				C80A0134180BA7EC007ECCD1 /* HawkCounter.cpp */,
				C80A0137180BA7EC007ECCD1 /* HawkDiskFile.cpp */,
				C80A0139180BA7EC007ECCD1 /* HawkException.cpp */,
				C80A013B180BA7EC007ECCD1 /* HawkFile.cpp */,
				C80A013D180BA7EC007ECCD1 /* HawkFileSender.cpp */,
				C80A013F180BA7EC007ECCD1 /* HawkFolder.cpp */,
				C80A0141180BA7EC007ECCD1 /* HawkGateSecurity.cpp */,
				C80A0143180BA7EC007ECCD1 /* HawkHash.cpp */,
				C80A0146180BA7EC007ECCD1 /* HawkHMACSHA1Security.cpp */,
				C80A0148180BA7EC007ECCD1 /* HawkIPAddr.cpp */,
				C80A014A180BA7EC007ECCD1 /* HawkJson.cpp */,
				C80A014C180BA7EC007ECCD1 /* HawkLogger.cpp */,
				C80A014E180BA7EC007ECCD1 /* HawkLoggerManager.cpp */,
				C80A0150180BA7EC007ECCD1 /* HawkMalloc.cpp */,
				C80A0152180BA7EC007ECCD1 /* HawkManagerBase.cpp */,
				C80A0154180BA7EC007ECCD1 /* HawkMarshal.cpp */,
				C80A0156180BA7EC007ECCD1 /* HawkMarshalData.cpp */,
				C80A0158180BA7EC007ECCD1 /* HawkMath.cpp */,
				C80A015A180BA7EC007ECCD1 /* HawkMd5.cpp */,
				C80A015C180BA7EC007ECCD1 /* HawkMemoryFile.cpp */,
				C80A015E180BA7EC007ECCD1 /* HawkMsg.cpp */,
				C80A0160180BA7EC007ECCD1 /* HawkMsgListener.cpp */,
				C80A0162180BA7EC007ECCD1 /* HawkMsgManager.cpp */,
				C80A0164180BA7EC007ECCD1 /* HawkMsgPump.cpp */,
				C80A0166180BA7EC007ECCD1 /* HawkMutex.cpp */,
				C80A0168180BA7EC007ECCD1 /* HawkOctets.cpp */,
				C80A016A180BA7EC007ECCD1 /* HawkOctetsStream.cpp */,
				C80A016C180BA7EC007ECCD1 /* HawkOSOperator.cpp */,
				C80A016E180BA7EC007ECCD1 /* HawkPackage.cpp */,
				C80A0170180BA7EC007ECCD1 /* HawkParamVector.cpp */,
				C80A0172180BA7EC007ECCD1 /* HawkProtocol.cpp */,
				C80A0174180BA7EC007ECCD1 /* HawkProtocolManager.cpp */,
				C80A0176180BA7EC007ECCD1 /* HawkRand.cpp */,
				C80A0178180BA7EC007ECCD1 /* HawkRC4Security.cpp */,
				C80A017A180BA7EC007ECCD1 /* HawkRefCounter.cpp */,
				C80A017D180BA7EC007ECCD1 /* HawkRWEFds.cpp */,
				C80A017F180BA7EC007ECCD1 /* HawkScope.cpp */,
				C80A0181180BA7EC007ECCD1 /* HawkSecurity.cpp */,
				C80A0183180BA7ED007ECCD1 /* HawkSession.cpp */,
				C80A0185180BA7ED007ECCD1 /* HawkSHA1Security.cpp */,
				C80A0188180BA7ED007ECCD1 /* HawkSocket.cpp */,
				C80A018A180BA7ED007ECCD1 /* HawkSocketAddr.cpp */,
				C80A018C180BA7ED007ECCD1 /* HawkSocketPair.cpp */,
				C80A018E180BA7ED007ECCD1 /* HawkSqlite.cpp */,
				C80A0191180BA7ED007ECCD1 /* HawkStreamCompress.cpp */,
				C80A0193180BA7ED007ECCD1 /* HawkStringUtil.cpp */,
				C80A0196180BA7ED007ECCD1 /* HawkTask.cpp */,
				C80A0198180BA7ED007ECCD1 /* HawkThread.cpp */,
				C80A019A180BA7ED007ECCD1 /* HawkTimerManager.cpp */,
				C80A019C180BA7ED007ECCD1 /* HawkUtil.cpp */,
				C80A01A3180BA7ED007ECCD1 /* HawkXmlFile.cpp */,
				C80A01A5180BA7ED007ECCD1 /* HawkXorSecurity.cpp */,
				C80A01A7180BA7ED007ECCD1 /* HawkZipReader.cpp */,
				C80A01A9180BA7ED007ECCD1 /* HawkZlib.cpp */,
			);
			name = src;
			sourceTree = "<group>";
		};
		21C9123716D766200059A715 /* inc */ = {
			isa = PBXGroup;
			children = (
				C80A012C180BA7EB007ECCD1 /* HawkAnyType.h */,
				C80A012D180BA7EB007ECCD1 /* HawkAtomic.h */,
				C80A012F180BA7EB007ECCD1 /* HawkBase64.h */,
				C80A0131180BA7EC007ECCD1 /* HawkBinCfgFile.h */,
				C80A0132180BA7EC007ECCD1 /* HawkByteOrder.h */,
				C80A0133180BA7EC007ECCD1 /* HawkCallback.h */,
				C80A0135180BA7EC007ECCD1 /* HawkCounter.h */,
				C80A0136180BA7EC007ECCD1 /* HawkDemutexTable.h */,
				C80A0138180BA7EC007ECCD1 /* HawkDiskFile.h */,
				C80A013A180BA7EC007ECCD1 /* HawkException.h */,
				C80A013C180BA7EC007ECCD1 /* HawkFile.h */,
				C80A013E180BA7EC007ECCD1 /* HawkFileSender.h */,
				C80A0140180BA7EC007ECCD1 /* HawkFolder.h */,
				C80A0142180BA7EC007ECCD1 /* HawkGateSecurity.h */,
				C80A0144180BA7EC007ECCD1 /* HawkHash.h */,
				C80A0145180BA7EC007ECCD1 /* HawkHeapArray.h */,
				C80A0147180BA7EC007ECCD1 /* HawkHMACSHA1Security.h */,
				C80A0149180BA7EC007ECCD1 /* HawkIPAddr.h */,
				C80A014B180BA7EC007ECCD1 /* HawkJson.h */,
				C80A014D180BA7EC007ECCD1 /* HawkLogger.h */,
				C80A014F180BA7EC007ECCD1 /* HawkLoggerManager.h */,
				C80A0151180BA7EC007ECCD1 /* HawkMalloc.h */,
				C80A0153180BA7EC007ECCD1 /* HawkManagerBase.h */,
				C80A0155180BA7EC007ECCD1 /* HawkMarshal.h */,
				C80A0157180BA7EC007ECCD1 /* HawkMarshalData.h */,
				C80A0159180BA7EC007ECCD1 /* HawkMath.h */,
				C80A015B180BA7EC007ECCD1 /* HawkMd5.h */,
				C80A015D180BA7EC007ECCD1 /* HawkMemoryFile.h */,
				C80A015F180BA7EC007ECCD1 /* HawkMsg.h */,
				C80A0161180BA7EC007ECCD1 /* HawkMsgListener.h */,
				C80A0163180BA7EC007ECCD1 /* HawkMsgManager.h */,
				C80A0165180BA7EC007ECCD1 /* HawkMsgPump.h */,
				C80A0167180BA7EC007ECCD1 /* HawkMutex.h */,
				C80A0169180BA7EC007ECCD1 /* HawkOctets.h */,
				C80A016B180BA7EC007ECCD1 /* HawkOctetsStream.h */,
				C80A016D180BA7EC007ECCD1 /* HawkOSOperator.h */,
				C80A016F180BA7EC007ECCD1 /* HawkPackage.h */,
				C80A0171180BA7EC007ECCD1 /* HawkParamVector.h */,
				C80A0173180BA7EC007ECCD1 /* HawkProtocol.h */,
				C80A0175180BA7EC007ECCD1 /* HawkProtocolManager.h */,
				C80A0177180BA7EC007ECCD1 /* HawkRand.h */,
				C80A0179180BA7EC007ECCD1 /* HawkRC4Security.h */,
				C80A017B180BA7EC007ECCD1 /* HawkRefCounter.h */,
				C80A017C180BA7EC007ECCD1 /* HawkRingBuffer.h */,
				C80A017E180BA7EC007ECCD1 /* HawkRWEFds.h */,
				C80A0180180BA7EC007ECCD1 /* HawkScope.h */,
				C80A0182180BA7ED007ECCD1 /* HawkSecurity.h */,
				C80A0184180BA7ED007ECCD1 /* HawkSession.h */,
				C80A0186180BA7ED007ECCD1 /* HawkSHA1Security.h */,
				C80A0187180BA7ED007ECCD1 /* HawkSmartPtr.h */,
				C80A0189180BA7ED007ECCD1 /* HawkSocket.h */,
				C80A018B180BA7ED007ECCD1 /* HawkSocketAddr.h */,
				C80A018D180BA7ED007ECCD1 /* HawkSocketPair.h */,
				C80A018F180BA7ED007ECCD1 /* HawkSqlite.h */,
				C80A0190180BA7ED007ECCD1 /* HawkStdHeader.h */,
				C80A0192180BA7ED007ECCD1 /* HawkStreamCompress.h */,
				C80A0194180BA7ED007ECCD1 /* HawkStringUtil.h */,
				C80A0195180BA7ED007ECCD1 /* HawkSysProtocol.h */,
				C80A0197180BA7ED007ECCD1 /* HawkTask.h */,
				C80A0199180BA7ED007ECCD1 /* HawkThread.h */,
				C80A019B180BA7ED007ECCD1 /* HawkTimerManager.h */,
				C80A019D180BA7ED007ECCD1 /* HawkUtil.h */,
				C80A019E180BA7ED007ECCD1 /* HawkValueHolder.h */,
				C80A019F180BA7ED007ECCD1 /* HawkXID.h */,
				C80A01A0180BA7ED007ECCD1 /* HawkXmlAttribute.h */,
				C80A01A1180BA7ED007ECCD1 /* HawkXmlDocument.h */,
				C80A01A2180BA7ED007ECCD1 /* HawkXmlElement.h */,
				C80A01A4180BA7ED007ECCD1 /* HawkXmlFile.h */,
				C80A01A6180BA7ED007ECCD1 /* HawkXorSecurity.h */,
				C80A01A8180BA7ED007ECCD1 /* HawkZipReader.h */,
				C80A01AA180BA7ED007ECCD1 /* HawkZlib.h */,
			);
			name = inc;
			sourceTree = "<group>";
		};
		C80A022A180BA896007ECCD1 /* zlib */ = {
			isa = PBXGroup;
			children = (
				C80A022B180BA896007ECCD1 /* adler32.c */,
				C80A022C180BA896007ECCD1 /* compress.c */,
				C80A022D180BA896007ECCD1 /* crc32.c */,
				C80A022F180BA896007ECCD1 /* deflate.c */,
				C80A0231180BA896007ECCD1 /* infback.c */,
				C80A0232180BA896007ECCD1 /* inffast.c */,
				C80A0235180BA896007ECCD1 /* inflate.c */,
				C80A0237180BA896007ECCD1 /* inftrees.c */,
				C80A0239180BA896007ECCD1 /* ioapi.c */,
				C80A023C180BA896007ECCD1 /* trees.c */,
				C80A023E180BA896007ECCD1 /* uncompr.c */,
				C80A023F180BA896007ECCD1 /* unzip.c */,
				C80A0243180BA896007ECCD1 /* zutil.c */,
				C80A022E180BA896007ECCD1 /* crc32.h */,
				C80A0230180BA896007ECCD1 /* deflate.h */,
				C80A0233180BA896007ECCD1 /* inffast.h */,
				C80A0234180BA896007ECCD1 /* inffixed.h */,
				C80A0236180BA896007ECCD1 /* inflate.h */,
				C80A0238180BA896007ECCD1 /* inftrees.h */,
				C80A023A180BA896007ECCD1 /* ioapi.h */,
				C80A023D180BA896007ECCD1 /* trees.h */,
				C80A0240180BA896007ECCD1 /* unzip.h */,
				C80A0241180BA896007ECCD1 /* zconf.h */,
				C80A0242180BA896007ECCD1 /* zlib.h */,
				C80A0244180BA897007ECCD1 /* zutil.h */,
			);
			name = zlib;
			path = ../source/zlib;
			sourceTree = "<group>";
		};
		C80A025F180BA8B2007ECCD1 /* json */ = {
			isa = PBXGroup;
			children = (
				C80A0269180BA8B2007ECCD1 /* json_batchallocator.h */,
				C80A026A180BA8B2007ECCD1 /* json_internalarray.inl */,
				C80A026B180BA8B2007ECCD1 /* json_internalmap.inl */,
				C80A026C180BA8B2007ECCD1 /* json_reader.cpp */,
				C80A026D180BA8B2007ECCD1 /* json_value.cpp */,
				C80A026E180BA8B2007ECCD1 /* json_valueiterator.inl */,
				C80A026F180BA8B3007ECCD1 /* json_writer.cpp */,
			);
			name = json;
			path = ../source/json;
			sourceTree = "<group>";
		};
		C80A027E180BA8C6007ECCD1 /* sqlite */ = {
			isa = PBXGroup;
			children = (
				C80A0280180BA8C6007ECCD1 /* sqlite3.c */,
				C80A0281180BA8C6007ECCD1 /* sqlite3.h */,
				C80A0282180BA8C6007ECCD1 /* sqlite3ext.h */,
			);
			name = sqlite;
			path = ../source/sqlite;
			sourceTree = "<group>";
		};
/* End PBXGroup section */

/* Begin PBXHeadersBuildPhase section */
		21C9122C16D766080059A715 /* Headers */ = {
			isa = PBXHeadersBuildPhase;
			buildActionMask = 2147483647;
			files = (
				C80A01F0180BA7ED007ECCD1 /* HawkParamVector.h in Headers */,
				C80A01F6180BA7ED007ECCD1 /* HawkRand.h in Headers */,
				C80A0206180BA7ED007ECCD1 /* HawkSmartPtr.h in Headers */,
				C80A025C180BA897007ECCD1 /* zlib.h in Headers */,
				C80A01C6180BA7ED007ECCD1 /* HawkHMACSHA1Security.h in Headers */,
				C80A01D8180BA7ED007ECCD1 /* HawkMath.h in Headers */,
				C80A0218180BA7ED007ECCD1 /* HawkThread.h in Headers */,
				C80A01DC180BA7ED007ECCD1 /* HawkMemoryFile.h in Headers */,
				C80A01EA180BA7ED007ECCD1 /* HawkOctetsStream.h in Headers */,
				C80A0286180BA8C6007ECCD1 /* sqlite3ext.h in Headers */,
				C80A01B7180BA7ED007ECCD1 /* HawkDiskFile.h in Headers */,
				C80A0254180BA897007ECCD1 /* ioapi.h in Headers */,
				C80A0221180BA7ED007ECCD1 /* HawkXmlElement.h in Headers */,
				C80A01BB180BA7ED007ECCD1 /* HawkFile.h in Headers */,
				C80A01C8180BA7ED007ECCD1 /* HawkIPAddr.h in Headers */,
				C80A01B4180BA7ED007ECCD1 /* HawkCounter.h in Headers */,
				C80A0225180BA7ED007ECCD1 /* HawkXorSecurity.h in Headers */,
				C80A0208180BA7ED007ECCD1 /* HawkSocket.h in Headers */,
				C80A01B1180BA7ED007ECCD1 /* HawkByteOrder.h in Headers */,
				C80A01CE180BA7ED007ECCD1 /* HawkLoggerManager.h in Headers */,
				C80A021E180BA7ED007ECCD1 /* HawkXID.h in Headers */,
				C80A0248180BA897007ECCD1 /* crc32.h in Headers */,
				C80A0227180BA7ED007ECCD1 /* HawkZipReader.h in Headers */,
				C80A0220180BA7ED007ECCD1 /* HawkXmlDocument.h in Headers */,
				C80A01AE180BA7ED007ECCD1 /* HawkBase64.h in Headers */,
				C80A01AC180BA7ED007ECCD1 /* HawkAtomic.h in Headers */,
				C80A01D2180BA7ED007ECCD1 /* HawkManagerBase.h in Headers */,
				C80A020A180BA7ED007ECCD1 /* HawkSocketAddr.h in Headers */,
				C80A0279180BA8B3007ECCD1 /* json_batchallocator.h in Headers */,
				C80A01C1180BA7ED007ECCD1 /* HawkGateSecurity.h in Headers */,
				C80A01BD180BA7ED007ECCD1 /* HawkFileSender.h in Headers */,
				C80A01B9180BA7ED007ECCD1 /* HawkException.h in Headers */,
				C80A021D180BA7ED007ECCD1 /* HawkValueHolder.h in Headers */,
				C80A01B0180BA7ED007ECCD1 /* HawkBinCfgFile.h in Headers */,
				C80A01E2180BA7ED007ECCD1 /* HawkMsgManager.h in Headers */,
				C80A01F4180BA7ED007ECCD1 /* HawkProtocolManager.h in Headers */,
				C80A01DA180BA7ED007ECCD1 /* HawkMd5.h in Headers */,
				C80A01D4180BA7ED007ECCD1 /* HawkMarshal.h in Headers */,
				C80A01E6180BA7ED007ECCD1 /* HawkMutex.h in Headers */,
				C80A01FF180BA7ED007ECCD1 /* HawkScope.h in Headers */,
				C80A01C3180BA7ED007ECCD1 /* HawkHash.h in Headers */,
				C80A01CC180BA7ED007ECCD1 /* HawkLogger.h in Headers */,
				C80A025E180BA897007ECCD1 /* zutil.h in Headers */,
				C80A01BF180BA7ED007ECCD1 /* HawkFolder.h in Headers */,
				C80A0214180BA7ED007ECCD1 /* HawkSysProtocol.h in Headers */,
				C80A01EE180BA7ED007ECCD1 /* HawkPackage.h in Headers */,
				C80A01B2180BA7ED007ECCD1 /* HawkCallback.h in Headers */,
				C80A0201180BA7ED007ECCD1 /* HawkSecurity.h in Headers */,
				C80A01E4180BA7ED007ECCD1 /* HawkMsgPump.h in Headers */,
				C80A01C4180BA7ED007ECCD1 /* HawkHeapArray.h in Headers */,
				C80A01FA180BA7ED007ECCD1 /* HawkRefCounter.h in Headers */,
				C80A0203180BA7ED007ECCD1 /* HawkSession.h in Headers */,
				C80A025B180BA897007ECCD1 /* zconf.h in Headers */,
				C80A024A180BA897007ECCD1 /* deflate.h in Headers */,
				C80A024D180BA897007ECCD1 /* inffast.h in Headers */,
				C80A021F180BA7ED007ECCD1 /* HawkXmlAttribute.h in Headers */,
				C80A025A180BA897007ECCD1 /* unzip.h in Headers */,
				C80A0205180BA7ED007ECCD1 /* HawkSHA1Security.h in Headers */,
				C80A01EC180BA7ED007ECCD1 /* HawkOSOperator.h in Headers */,
				C80A0216180BA7ED007ECCD1 /* HawkTask.h in Headers */,
				C80A0213180BA7ED007ECCD1 /* HawkStringUtil.h in Headers */,
				C80A01AB180BA7ED007ECCD1 /* HawkAnyType.h in Headers */,
				C80A020F180BA7ED007ECCD1 /* HawkStdHeader.h in Headers */,
				C80A01DE180BA7ED007ECCD1 /* HawkMsg.h in Headers */,
				C80A020C180BA7ED007ECCD1 /* HawkSocketPair.h in Headers */,
				C80A0257180BA897007ECCD1 /* trees.h in Headers */,
				C80A01FB180BA7ED007ECCD1 /* HawkRingBuffer.h in Headers */,
				C80A0211180BA7ED007ECCD1 /* HawkStreamCompress.h in Headers */,
				C80A024E180BA897007ECCD1 /* inffixed.h in Headers */,
				C80A0223180BA7ED007ECCD1 /* HawkXmlFile.h in Headers */,
				C80A01CA180BA7ED007ECCD1 /* HawkJson.h in Headers */,
				C80A021C180BA7ED007ECCD1 /* HawkUtil.h in Headers */,
				C80A01E8180BA7ED007ECCD1 /* HawkOctets.h in Headers */,
				C80A021A180BA7ED007ECCD1 /* HawkTimerManager.h in Headers */,
				C80A0229180BA7ED007ECCD1 /* HawkZlib.h in Headers */,
				C80A01B5180BA7ED007ECCD1 /* HawkDemutexTable.h in Headers */,
				C80A020E180BA7ED007ECCD1 /* HawkSqlite.h in Headers */,
				C80A01FD180BA7ED007ECCD1 /* HawkRWEFds.h in Headers */,
				C80A0250180BA897007ECCD1 /* inflate.h in Headers */,
				C80A01E0180BA7ED007ECCD1 /* HawkMsgListener.h in Headers */,
				C80A01F2180BA7ED007ECCD1 /* HawkProtocol.h in Headers */,
				C80A01F8180BA7ED007ECCD1 /* HawkRC4Security.h in Headers */,
				C80A0252180BA897007ECCD1 /* inftrees.h in Headers */,
				C80A01D6180BA7ED007ECCD1 /* HawkMarshalData.h in Headers */,
				C80A0285180BA8C6007ECCD1 /* sqlite3.h in Headers */,
				C80A01D0180BA7ED007ECCD1 /* HawkMalloc.h in Headers */,
			);
			runOnlyForDeploymentPostprocessing = 0;
		};
/* End PBXHeadersBuildPhase section */

/* Begin PBXNativeTarget section */
		21C9122D16D766080059A715 /* HawkUtil */ = {
			isa = PBXNativeTarget;
			buildConfigurationList = 21C9123216D766080059A715 /* Build configuration list for PBXNativeTarget "HawkUtil" */;
			buildPhases = (
				21C9122A16D766080059A715 /* Sources */,
				21C9122B16D766080059A715 /* Frameworks */,
				21C9122C16D766080059A715 /* Headers */,
			);
			buildRules = (
			);
			dependencies = (
			);
			name = HawkUtil;
			productName = HawkUtil;
			productReference = 21C9122E16D766080059A715 /* libHawkUtil.a */;
			productType = "com.apple.product-type.library.static";
		};
/* End PBXNativeTarget section */

/* Begin PBXProject section */
		21C9122516D766080059A715 /* Project object */ = {
			isa = PBXProject;
			attributes = {
				LastUpgradeCheck = 0450;
				ORGANIZATIONNAME = hawk;
			};
			buildConfigurationList = 21C9122816D766080059A715 /* Build configuration list for PBXProject "HawkUtil" */;
			compatibilityVersion = "Xcode 3.2";
			developmentRegion = English;
			hasScannedForEncodings = 0;
			knownRegions = (
				en,
			);
			mainGroup = 21C9122316D766070059A715;
			productRefGroup = 21C9122F16D766080059A715 /* Products */;
			projectDirPath = "";
			projectRoot = "";
			targets = (
				21C9122D16D766080059A715 /* HawkUtil */,
			);
		};
/* End PBXProject section */

/* Begin PBXSourcesBuildPhase section */
		21C9122A16D766080059A715 /* Sources */ = {
			isa = PBXSourcesBuildPhase;
			buildActionMask = 2147483647;
			files = (
				C80A01C0180BA7ED007ECCD1 /* HawkGateSecurity.cpp in Sources */,
				C80A01ED180BA7ED007ECCD1 /* HawkPackage.cpp in Sources */,
				C80A027C180BA8B3007ECCD1 /* json_writer.cpp in Sources */,
				C80A01E5180BA7ED007ECCD1 /* HawkMutex.cpp in Sources */,
				C80A0226180BA7ED007ECCD1 /* HawkZipReader.cpp in Sources */,
				C80A0228180BA7ED007ECCD1 /* HawkZlib.cpp in Sources */,
				C80A0256180BA897007ECCD1 /* trees.c in Sources */,
				C80A01F3180BA7ED007ECCD1 /* HawkProtocolManager.cpp in Sources */,
				C80A01AF180BA7ED007ECCD1 /* HawkBinCfgFile.cpp in Sources */,
				C80A0215180BA7ED007ECCD1 /* HawkTask.cpp in Sources */,
				C80A01CD180BA7ED007ECCD1 /* HawkLoggerManager.cpp in Sources */,
				C80A0258180BA897007ECCD1 /* uncompr.c in Sources */,
				C80A020D180BA7ED007ECCD1 /* HawkSqlite.cpp in Sources */,
				C80A01E1180BA7ED007ECCD1 /* HawkMsgManager.cpp in Sources */,
				C80A027B180BA8B3007ECCD1 /* json_value.cpp in Sources */,
				C80A01E9180BA7ED007ECCD1 /* HawkOctetsStream.cpp in Sources */,
				C80A01BA180BA7ED007ECCD1 /* HawkFile.cpp in Sources */,
				C80A0224180BA7ED007ECCD1 /* HawkXorSecurity.cpp in Sources */,
				C80A0253180BA897007ECCD1 /* ioapi.c in Sources */,
				C80A0245180BA897007ECCD1 /* adler32.c in Sources */,
				C80A0207180BA7ED007ECCD1 /* HawkSocket.cpp in Sources */,
				C80A0222180BA7ED007ECCD1 /* HawkXmlFile.cpp in Sources */,
				C80A0246180BA897007ECCD1 /* compress.c in Sources */,
				C80A0259180BA897007ECCD1 /* unzip.c in Sources */,
				C80A0219180BA7ED007ECCD1 /* HawkTimerManager.cpp in Sources */,
				C80A01C9180BA7ED007ECCD1 /* HawkJson.cpp in Sources */,
				C80A01D3180BA7ED007ECCD1 /* HawkMarshal.cpp in Sources */,
				C80A0204180BA7ED007ECCD1 /* HawkSHA1Security.cpp in Sources */,
				C80A024B180BA897007ECCD1 /* infback.c in Sources */,
				C80A020B180BA7ED007ECCD1 /* HawkSocketPair.cpp in Sources */,
				C80A01D5180BA7ED007ECCD1 /* HawkMarshalData.cpp in Sources */,
				C80A01FC180BA7ED007ECCD1 /* HawkRWEFds.cpp in Sources */,
				C80A01CF180BA7ED007ECCD1 /* HawkMalloc.cpp in Sources */,
				C80A027A180BA8B3007ECCD1 /* json_reader.cpp in Sources */,
				C80A0212180BA7ED007ECCD1 /* HawkStringUtil.cpp in Sources */,
				C80A0210180BA7ED007ECCD1 /* HawkStreamCompress.cpp in Sources */,
				C80A01B8180BA7ED007ECCD1 /* HawkException.cpp in Sources */,
				C80A01C7180BA7ED007ECCD1 /* HawkIPAddr.cpp in Sources */,
				C80A01BC180BA7ED007ECCD1 /* HawkFileSender.cpp in Sources */,
				C80A0202180BA7ED007ECCD1 /* HawkSession.cpp in Sources */,
				C80A024C180BA897007ECCD1 /* inffast.c in Sources */,
				C80A01CB180BA7ED007ECCD1 /* HawkLogger.cpp in Sources */,
				C80A024F180BA897007ECCD1 /* inflate.c in Sources */,
				C80A0209180BA7ED007ECCD1 /* HawkSocketAddr.cpp in Sources */,
				C80A01F9180BA7ED007ECCD1 /* HawkRefCounter.cpp in Sources */,
				C80A0217180BA7ED007ECCD1 /* HawkThread.cpp in Sources */,
				C80A025D180BA897007ECCD1 /* zutil.c in Sources */,
				C80A01E7180BA7ED007ECCD1 /* HawkOctets.cpp in Sources */,
				C80A01EB180BA7ED007ECCD1 /* HawkOSOperator.cpp in Sources */,
				C80A01C5180BA7ED007ECCD1 /* HawkHMACSHA1Security.cpp in Sources */,
				C80A01D1180BA7ED007ECCD1 /* HawkManagerBase.cpp in Sources */,
				C80A0247180BA897007ECCD1 /* crc32.c in Sources */,
				C80A01F1180BA7ED007ECCD1 /* HawkProtocol.cpp in Sources */,
				C80A01DB180BA7ED007ECCD1 /* HawkMemoryFile.cpp in Sources */,
				C80A01F7180BA7ED007ECCD1 /* HawkRC4Security.cpp in Sources */,
				C80A01AD180BA7ED007ECCD1 /* HawkBase64.cpp in Sources */,
				C80A01EF180BA7ED007ECCD1 /* HawkParamVector.cpp in Sources */,
				C80A01BE180BA7ED007ECCD1 /* HawkFolder.cpp in Sources */,
				C80A01FE180BA7ED007ECCD1 /* HawkScope.cpp in Sources */,
				C80A01DF180BA7ED007ECCD1 /* HawkMsgListener.cpp in Sources */,
				C80A0284180BA8C6007ECCD1 /* sqlite3.c in Sources */,
				C80A01D9180BA7ED007ECCD1 /* HawkMd5.cpp in Sources */,
				C80A01C2180BA7ED007ECCD1 /* HawkHash.cpp in Sources */,
				C80A0200180BA7ED007ECCD1 /* HawkSecurity.cpp in Sources */,
				C80A01DD180BA7ED007ECCD1 /* HawkMsg.cpp in Sources */,
				C80A01E3180BA7ED007ECCD1 /* HawkMsgPump.cpp in Sources */,
				C80A01F5180BA7ED007ECCD1 /* HawkRand.cpp in Sources */,
				C80A0249180BA897007ECCD1 /* deflate.c in Sources */,
				C80A0251180BA897007ECCD1 /* inftrees.c in Sources */,
				C80A01D7180BA7ED007ECCD1 /* HawkMath.cpp in Sources */,
				C80A01B3180BA7ED007ECCD1 /* HawkCounter.cpp in Sources */,
				C80A021B180BA7ED007ECCD1 /* HawkUtil.cpp in Sources */,
				C80A01B6180BA7ED007ECCD1 /* HawkDiskFile.cpp in Sources */,
			);
			runOnlyForDeploymentPostprocessing = 0;
		};
/* End PBXSourcesBuildPhase section */

/* Begin XCBuildConfiguration section */
		21C9123016D766080059A715 /* Debug */ = {
			isa = XCBuildConfiguration;
			buildSettings = {
				ALWAYS_SEARCH_USER_PATHS = NO;
				ARCHS = "$(ARCHS_STANDARD_64_BIT)";
				CLANG_CXX_LANGUAGE_STANDARD = "gnu++0x";
				CLANG_CXX_LIBRARY = "libc++";
				CLANG_WARN_EMPTY_BODY = YES;
				CLANG_WARN__DUPLICATE_METHOD_MATCH = YES;
				COPY_PHASE_STRIP = NO;
				GCC_C_LANGUAGE_STANDARD = gnu99;
				GCC_DYNAMIC_NO_PIC = NO;
				GCC_ENABLE_OBJC_EXCEPTIONS = YES;
				GCC_OPTIMIZATION_LEVEL = 0;
				GCC_PREPROCESSOR_DEFINITIONS = (
					"DEBUG=1",
					"$(inherited)",
				);
				GCC_SYMBOLS_PRIVATE_EXTERN = NO;
				GCC_WARN_64_TO_32_BIT_CONVERSION = YES;
				GCC_WARN_ABOUT_RETURN_TYPE = YES;
				GCC_WARN_UNINITIALIZED_AUTOS = YES;
				GCC_WARN_UNUSED_VARIABLE = YES;
				MACOSX_DEPLOYMENT_TARGET = 10.8;
				ONLY_ACTIVE_ARCH = YES;
				SDKROOT = macosx;
			};
			name = Debug;
		};
		21C9123116D766080059A715 /* Release */ = {
			isa = XCBuildConfiguration;
			buildSettings = {
				ALWAYS_SEARCH_USER_PATHS = NO;
				ARCHS = "$(ARCHS_STANDARD_64_BIT)";
				CLANG_CXX_LANGUAGE_STANDARD = "gnu++0x";
				CLANG_CXX_LIBRARY = "libc++";
				CLANG_WARN_EMPTY_BODY = YES;
				CLANG_WARN__DUPLICATE_METHOD_MATCH = YES;
				COPY_PHASE_STRIP = YES;
				DEBUG_INFORMATION_FORMAT = "dwarf-with-dsym";
				GCC_C_LANGUAGE_STANDARD = gnu99;
				GCC_ENABLE_OBJC_EXCEPTIONS = YES;
				GCC_WARN_64_TO_32_BIT_CONVERSION = YES;
				GCC_WARN_ABOUT_RETURN_TYPE = YES;
				GCC_WARN_UNINITIALIZED_AUTOS = YES;
				GCC_WARN_UNUSED_VARIABLE = YES;
				MACOSX_DEPLOYMENT_TARGET = 10.8;
				SDKROOT = macosx;
			};
			name = Release;
		};
		21C9123316D766080059A715 /* Debug */ = {
			isa = XCBuildConfiguration;
			buildSettings = {
				ARCHS = "$(ARCHS_STANDARD)";
				CLANG_CXX_LIBRARY = "libstdc++";
				EXECUTABLE_PREFIX = lib;
				GCC_PREPROCESSOR_DEFINITIONS = (
					UTIL_EXPORT,
					"$(inherited)",
				);
				HEADER_SEARCH_PATHS = (
					../,
					../source/zlib,
					../source/sqlite,
					../source/json,
					../source/rapidxml,
				);
				ONLY_ACTIVE_ARCH = YES;
				PRODUCT_NAME = "$(TARGET_NAME)";
				SDKROOT = iphoneos7.0;
				SUPPORTED_PLATFORMS = "iphonesimulator iphoneos";
			};
			name = Debug;
		};
		21C9123416D766080059A715 /* Release */ = {
			isa = XCBuildConfiguration;
			buildSettings = {
				ARCHS = "$(ARCHS_STANDARD)";
				CLANG_CXX_LIBRARY = "libstdc++";
				EXECUTABLE_PREFIX = lib;
				GCC_PREPROCESSOR_DEFINITIONS = UTIL_EXPORT;
				HEADER_SEARCH_PATHS = (
					../,
					../source/zlib,
					../source/sqlite,
					../source/json,
					../source/rapidxml,
				);
				ONLY_ACTIVE_ARCH = YES;
				PRODUCT_NAME = "$(TARGET_NAME)";
				SDKROOT = iphoneos7.0;
				SUPPORTED_PLATFORMS = "iphonesimulator iphoneos";
			};
			name = Release;
		};
/* End XCBuildConfiguration section */

/* Begin XCConfigurationList section */
		21C9122816D766080059A715 /* Build configuration list for PBXProject "HawkUtil" */ = {
			isa = XCConfigurationList;
			buildConfigurations = (
				21C9123016D766080059A715 /* Debug */,
				21C9123116D766080059A715 /* Release */,
			);
			defaultConfigurationIsVisible = 0;
			defaultConfigurationName = Release;
		};
		21C9123216D766080059A715 /* Build configuration list for PBXNativeTarget "HawkUtil" */ = {
			isa = XCConfigurationList;
			buildConfigurations = (
				21C9123316D766080059A715 /* Debug */,
				21C9123416D766080059A715 /* Release */,
			);
			defaultConfigurationIsVisible = 0;
			defaultConfigurationName = Release;
		};
/* End XCConfigurationList section */
	};
	rootObject = 21C9122516D766080059A715 /* Project object */;
}
