<?xml version="1.0" encoding="utf-8"?>
<Project ToolsVersion="4.0" xmlns="http://schemas.microsoft.com/developer/msbuild/2003">
  <ItemGroup>
    <Filter Include="import">
      <UniqueIdentifier>{77ee7e70-09a7-43db-b725-446fb12abb2d}</UniqueIdentifier>
    </Filter>
    <Filter Include="import\tinyxml">
      <UniqueIdentifier>{302339b6-517a-494f-b783-cdb28c156fb3}</UniqueIdentifier>
    </Filter>
    <Filter Include="import\zlib">
      <UniqueIdentifier>{84307a86-507d-4ab7-ab2c-bf5836e1ad20}</UniqueIdentifier>
    </Filter>
    <Filter Include="import\json">
      <UniqueIdentifier>{9b42cb39-c39c-46e3-ab74-85c203b17bd3}</UniqueIdentifier>
    </Filter>
    <Filter Include="import\sqlite">
      <UniqueIdentifier>{d5864689-1e48-4e2d-b183-49bf81806894}</UniqueIdentifier>
    </Filter>
    <Filter Include="exception">
      <UniqueIdentifier>{ecdbad48-616f-455f-8876-cb3ad46bcd88}</UniqueIdentifier>
    </Filter>
    <Filter Include="file">
      <UniqueIdentifier>{a8720312-85a0-4f65-a88d-5dfaef1293a6}</UniqueIdentifier>
    </Filter>
    <Filter Include="log">
      <UniqueIdentifier>{7bc4290e-6f37-45b4-97a4-62ebbc05e6dc}</UniqueIdentifier>
    </Filter>
    <Filter Include="math">
      <UniqueIdentifier>{17f043d0-f327-428f-9620-f2fff0a198db}</UniqueIdentifier>
    </Filter>
    <Filter Include="memory">
      <UniqueIdentifier>{8bf8654c-5a45-4a5b-9b38-18ff98870199}</UniqueIdentifier>
    </Filter>
    <Filter Include="msg">
      <UniqueIdentifier>{28e37094-34f5-484d-b96f-4c7278d45738}</UniqueIdentifier>
    </Filter>
    <Filter Include="network">
      <UniqueIdentifier>{159f7008-37b7-4cbf-959a-5ade7aeebe22}</UniqueIdentifier>
    </Filter>
    <Filter Include="os">
      <UniqueIdentifier>{b409cd93-9c9c-4d4e-b3d5-736d3369f085}</UniqueIdentifier>
    </Filter>
    <Filter Include="refcount">
      <UniqueIdentifier>{c0e41c00-0858-470e-9bba-9c7e6eed81ac}</UniqueIdentifier>
    </Filter>
    <Filter Include="security">
      <UniqueIdentifier>{5c556a54-2a6d-4294-b463-89a1d0a55e0a}</UniqueIdentifier>
    </Filter>
    <Filter Include="string">
      <UniqueIdentifier>{5c8de752-6c75-4e7f-afbc-c14dcce2e211}</UniqueIdentifier>
    </Filter>
    <Filter Include="thread">
      <UniqueIdentifier>{8bfd3954-5a30-4597-bac8-21b4fb340f93}</UniqueIdentifier>
    </Filter>
    <Filter Include="util">
      <UniqueIdentifier>{51085bcb-e8ee-442f-a1fb-ed015b7420b9}</UniqueIdentifier>
    </Filter>
    <Filter Include="json">
      <UniqueIdentifier>{2ce77dd9-bc87-478c-8760-6067465cf934}</UniqueIdentifier>
    </Filter>
    <Filter Include="xml">
      <UniqueIdentifier>{8ca992c8-7586-4a11-a62c-20109dfe2e53}</UniqueIdentifier>
    </Filter>
    <Filter Include="sqlite">
      <UniqueIdentifier>{f6c332c4-8a2f-4947-989f-6a0d8a9fe9e7}</UniqueIdentifier>
    </Filter>
    <Filter Include="zip">
      <UniqueIdentifier>{3be14567-8b10-499d-8c2d-5f766f86c246}</UniqueIdentifier>
    </Filter>
    <Filter Include="malloc">
      <UniqueIdentifier>{97a99774-c98d-4e7d-a4c8-9405cd04f2a4}</UniqueIdentifier>
    </Filter>
    <Filter Include="callback">
      <UniqueIdentifier>{24307da7-44b2-4080-af26-b668fda1e85b}</UniqueIdentifier>
    </Filter>
    <Filter Include="manager">
      <UniqueIdentifier>{44d1db36-2ceb-4f29-991f-cbb441b91cef}</UniqueIdentifier>
    </Filter>
    <Filter Include="algorithm">
      <UniqueIdentifier>{dbfd5a89-38b3-4d23-b84e-982d008d4f61}</UniqueIdentifier>
    </Filter>
  </ItemGroup>
  <ItemGroup>
    <ClInclude Include="..\source\sqlite\sqlite3.h">
      <Filter>import\sqlite</Filter>
    </ClInclude>
    <ClInclude Include="..\source\sqlite\sqlite3ext.h">
      <Filter>import\sqlite</Filter>
    </ClInclude>
    <ClInclude Include="..\HawkStdHeader.h">
      <Filter>util</Filter>
    </ClInclude>
    <ClInclude Include="..\HawkUtil.h">
      <Filter>util</Filter>
    </ClInclude>
    <ClInclude Include="..\HawkAnyType.h">
      <Filter>msg</Filter>
    </ClInclude>
    <ClInclude Include="..\HawkBinCfgFile.h">
      <Filter>file</Filter>
    </ClInclude>
    <ClInclude Include="..\HawkDiskFile.h">
      <Filter>file</Filter>
    </ClInclude>
    <ClInclude Include="..\HawkFile.h">
      <Filter>file</Filter>
    </ClInclude>
    <ClInclude Include="..\HawkFolder.h">
      <Filter>file</Filter>
    </ClInclude>
    <ClInclude Include="..\HawkMemoryFile.h">
      <Filter>file</Filter>
    </ClInclude>
    <ClInclude Include="..\HawkPackage.h">
      <Filter>file</Filter>
    </ClInclude>
    <ClInclude Include="..\HawkJson.h">
      <Filter>json</Filter>
    </ClInclude>
    <ClInclude Include="..\HawkXmlAttribute.h">
      <Filter>xml</Filter>
    </ClInclude>
    <ClInclude Include="..\HawkXmlFile.h">
      <Filter>xml</Filter>
    </ClInclude>
    <ClInclude Include="..\HawkXmlDocument.h">
      <Filter>xml</Filter>
    </ClInclude>
    <ClInclude Include="..\HawkXmlElement.h">
      <Filter>xml</Filter>
    </ClInclude>
    <ClInclude Include="..\HawkSqlite.h">
      <Filter>sqlite</Filter>
    </ClInclude>
    <ClInclude Include="..\HawkZipReader.h">
      <Filter>zip</Filter>
    </ClInclude>
    <ClInclude Include="..\HawkLogger.h">
      <Filter>log</Filter>
    </ClInclude>
    <ClInclude Include="..\HawkLoggerManager.h">
      <Filter>log</Filter>
    </ClInclude>
    <ClInclude Include="..\HawkAtomic.h">
      <Filter>os</Filter>
    </ClInclude>
    <ClInclude Include="..\HawkOSOperator.h">
      <Filter>os</Filter>
    </ClInclude>
    <ClInclude Include="..\HawkCallback.h">
      <Filter>callback</Filter>
    </ClInclude>
    <ClInclude Include="..\HawkBase64.h">
      <Filter>security</Filter>
    </ClInclude>
    <ClInclude Include="..\HawkHMACSHA1Security.h">
      <Filter>security</Filter>
    </ClInclude>
    <ClInclude Include="..\HawkMd5.h">
      <Filter>security</Filter>
    </ClInclude>
    <ClInclude Include="..\HawkRC4Security.h">
      <Filter>security</Filter>
    </ClInclude>
    <ClInclude Include="..\HawkStreamCompress.h">
      <Filter>security</Filter>
    </ClInclude>
    <ClInclude Include="..\HawkSHA1Security.h">
      <Filter>security</Filter>
    </ClInclude>
    <ClInclude Include="..\HawkSecurity.h">
      <Filter>security</Filter>
    </ClInclude>
    <ClInclude Include="..\HawkZlib.h">
      <Filter>zip</Filter>
    </ClInclude>
    <ClInclude Include="..\HawkException.h">
      <Filter>exception</Filter>
    </ClInclude>
    <ClInclude Include="..\HawkGateSecurity.h">
      <Filter>security</Filter>
    </ClInclude>
    <ClInclude Include="..\HawkByteOrder.h">
      <Filter>memory</Filter>
    </ClInclude>
    <ClInclude Include="..\HawkOctetsStream.h">
      <Filter>memory</Filter>
    </ClInclude>
    <ClInclude Include="..\HawkMarshal.h">
      <Filter>memory</Filter>
    </ClInclude>
    <ClInclude Include="..\HawkMarshalData.h">
      <Filter>memory</Filter>
    </ClInclude>
    <ClInclude Include="..\HawkOctets.h">
      <Filter>memory</Filter>
    </ClInclude>
    <ClInclude Include="..\HawkMalloc.h">
      <Filter>malloc</Filter>
    </ClInclude>
    <ClInclude Include="..\HawkMutex.h">
      <Filter>thread</Filter>
    </ClInclude>
    <ClInclude Include="..\HawkTask.h">
      <Filter>thread</Filter>
    </ClInclude>
    <ClInclude Include="..\HawkThread.h">
      <Filter>thread</Filter>
    </ClInclude>
    <ClInclude Include="..\HawkTimerManager.h">
      <Filter>thread</Filter>
    </ClInclude>
    <ClInclude Include="..\HawkMsg.h">
      <Filter>msg</Filter>
    </ClInclude>
    <ClInclude Include="..\HawkParamVector.h">
      <Filter>msg</Filter>
    </ClInclude>
    <ClInclude Include="..\HawkValueHolder.h">
      <Filter>msg</Filter>
    </ClInclude>
    <ClInclude Include="..\HawkXID.h">
      <Filter>msg</Filter>
    </ClInclude>
    <ClInclude Include="..\HawkIPAddr.h">
      <Filter>network</Filter>
    </ClInclude>
    <ClInclude Include="..\HawkProtocolManager.h">
      <Filter>network</Filter>
    </ClInclude>
    <ClInclude Include="..\HawkProtocol.h">
      <Filter>network</Filter>
    </ClInclude>
    <ClInclude Include="..\HawkRWEFds.h">
      <Filter>network</Filter>
    </ClInclude>
    <ClInclude Include="..\HawkSession.h">
      <Filter>network</Filter>
    </ClInclude>
    <ClInclude Include="..\HawkSocket.h">
      <Filter>network</Filter>
    </ClInclude>
    <ClInclude Include="..\HawkSocketAddr.h">
      <Filter>network</Filter>
    </ClInclude>
    <ClInclude Include="..\HawkSocketPair.h">
      <Filter>network</Filter>
    </ClInclude>
    <ClInclude Include="..\HawkSysProtocol.h">
      <Filter>network</Filter>
    </ClInclude>
    <ClInclude Include="..\HawkCounter.h">
      <Filter>math</Filter>
    </ClInclude>
    <ClInclude Include="..\HawkHash.h">
      <Filter>math</Filter>
    </ClInclude>
    <ClInclude Include="..\HawkMath.h">
      <Filter>math</Filter>
    </ClInclude>
    <ClInclude Include="..\HawkRand.h">
      <Filter>math</Filter>
    </ClInclude>
    <ClInclude Include="..\HawkStringUtil.h">
      <Filter>string</Filter>
    </ClInclude>
    <ClInclude Include="..\HawkRefCounter.h">
      <Filter>refcount</Filter>
    </ClInclude>
    <ClInclude Include="..\HawkScope.h">
      <Filter>refcount</Filter>
    </ClInclude>
    <ClInclude Include="..\HawkSmartPtr.h">
      <Filter>refcount</Filter>
    </ClInclude>
    <ClInclude Include="..\HawkManagerBase.h">
      <Filter>manager</Filter>
    </ClInclude>
    <ClInclude Include="..\HawkHeapArray.h">
      <Filter>algorithm</Filter>
    </ClInclude>
    <ClInclude Include="..\HawkRingBuffer.h">
      <Filter>algorithm</Filter>
    </ClInclude>
    <ClInclude Include="..\HawkDemutexTable.h">
      <Filter>algorithm</Filter>
    </ClInclude>
    <ClInclude Include="..\HawkMsgManager.h">
      <Filter>msg</Filter>
    </ClInclude>
    <ClInclude Include="..\HawkMsgListener.h">
      <Filter>msg</Filter>
    </ClInclude>
    <ClInclude Include="..\HawkMsgPump.h">
      <Filter>msg</Filter>
    </ClInclude>
    <ClInclude Include="..\HawkFileSender.h">
      <Filter>file</Filter>
    </ClInclude>
  </ItemGroup>
  <ItemGroup>
    <ClCompile Include="..\source\tinyxml\tinystr.cpp">
      <Filter>import\tinyxml</Filter>
    </ClCompile>
    <ClCompile Include="..\source\tinyxml\tinyxml.cpp">
      <Filter>import\tinyxml</Filter>
    </ClCompile>
    <ClCompile Include="..\source\tinyxml\tinyxmlerror.cpp">
      <Filter>import\tinyxml</Filter>
    </ClCompile>
    <ClCompile Include="..\source\tinyxml\tinyxmlparser.cpp">
      <Filter>import\tinyxml</Filter>
    </ClCompile>
    <ClCompile Include="..\source\zlib\adler32.c">
      <Filter>import\zlib</Filter>
    </ClCompile>
    <ClCompile Include="..\source\zlib\compress.c">
      <Filter>import\zlib</Filter>
    </ClCompile>
    <ClCompile Include="..\source\zlib\crc32.c">
      <Filter>import\zlib</Filter>
    </ClCompile>
    <ClCompile Include="..\source\zlib\deflate.c">
      <Filter>import\zlib</Filter>
    </ClCompile>
    <ClCompile Include="..\source\zlib\infback.c">
      <Filter>import\zlib</Filter>
    </ClCompile>
    <ClCompile Include="..\source\zlib\inffast.c">
      <Filter>import\zlib</Filter>
    </ClCompile>
    <ClCompile Include="..\source\zlib\inflate.c">
      <Filter>import\zlib</Filter>
    </ClCompile>
    <ClCompile Include="..\source\zlib\inftrees.c">
      <Filter>import\zlib</Filter>
    </ClCompile>
    <ClCompile Include="..\source\zlib\trees.c">
      <Filter>import\zlib</Filter>
    </ClCompile>
    <ClCompile Include="..\source\zlib\uncompr.c">
      <Filter>import\zlib</Filter>
    </ClCompile>
    <ClCompile Include="..\source\zlib\zutil.c">
      <Filter>import\zlib</Filter>
    </ClCompile>
    <ClCompile Include="..\source\json\json_reader.cpp">
      <Filter>import\json</Filter>
    </ClCompile>
    <ClCompile Include="..\source\json\json_value.cpp">
      <Filter>import\json</Filter>
    </ClCompile>
    <ClCompile Include="..\source\json\json_writer.cpp">
      <Filter>import\json</Filter>
    </ClCompile>
    <ClCompile Include="..\source\sqlite\sqlite3.c">
      <Filter>import\sqlite</Filter>
    </ClCompile>
    <ClCompile Include="..\source\zlib\ioapi.c">
      <Filter>import\zlib</Filter>
    </ClCompile>
    <ClCompile Include="..\source\zlib\unzip.c">
      <Filter>import\zlib</Filter>
    </ClCompile>
    <ClCompile Include="..\HawkUtil.cpp">
      <Filter>util</Filter>
    </ClCompile>
    <ClCompile Include="..\HawkBinCfgFile.cpp">
      <Filter>file</Filter>
    </ClCompile>
    <ClCompile Include="..\HawkDiskFile.cpp">
      <Filter>file</Filter>
    </ClCompile>
    <ClCompile Include="..\HawkFile.cpp">
      <Filter>file</Filter>
    </ClCompile>
    <ClCompile Include="..\HawkFolder.cpp">
      <Filter>file</Filter>
    </ClCompile>
    <ClCompile Include="..\HawkMemoryFile.cpp">
      <Filter>file</Filter>
    </ClCompile>
    <ClCompile Include="..\HawkPackage.cpp">
      <Filter>file</Filter>
    </ClCompile>
    <ClCompile Include="..\HawkJson.cpp">
      <Filter>json</Filter>
    </ClCompile>
    <ClCompile Include="..\HawkXmlFile.cpp">
      <Filter>xml</Filter>
    </ClCompile>
    <ClCompile Include="..\HawkSqlite.cpp">
      <Filter>sqlite</Filter>
    </ClCompile>
    <ClCompile Include="..\HawkZipReader.cpp">
      <Filter>zip</Filter>
    </ClCompile>
    <ClCompile Include="..\HawkLoggerManager.cpp">
      <Filter>log</Filter>
    </ClCompile>
    <ClCompile Include="..\HawkLogger.cpp">
      <Filter>log</Filter>
    </ClCompile>
    <ClCompile Include="..\HawkOSOperator.cpp">
      <Filter>os</Filter>
    </ClCompile>
    <ClCompile Include="..\HawkBase64.cpp">
      <Filter>security</Filter>
    </ClCompile>
    <ClCompile Include="..\HawkGateSecurity.cpp">
      <Filter>security</Filter>
    </ClCompile>
    <ClCompile Include="..\HawkHMACSHA1Security.cpp">
      <Filter>security</Filter>
    </ClCompile>
    <ClCompile Include="..\HawkRC4Security.cpp">
      <Filter>security</Filter>
    </ClCompile>
    <ClCompile Include="..\HawkSecurity.cpp">
      <Filter>security</Filter>
    </ClCompile>
    <ClCompile Include="..\HawkSHA1Security.cpp">
      <Filter>security</Filter>
    </ClCompile>
    <ClCompile Include="..\HawkStreamCompress.cpp">
      <Filter>security</Filter>
    </ClCompile>
    <ClCompile Include="..\HawkZlib.cpp">
      <Filter>zip</Filter>
    </ClCompile>
    <ClCompile Include="..\HawkException.cpp">
      <Filter>exception</Filter>
    </ClCompile>
    <ClCompile Include="..\HawkMarshal.cpp">
      <Filter>memory</Filter>
    </ClCompile>
    <ClCompile Include="..\HawkMarshalData.cpp">
      <Filter>memory</Filter>
    </ClCompile>
    <ClCompile Include="..\HawkOctets.cpp">
      <Filter>memory</Filter>
    </ClCompile>
    <ClCompile Include="..\HawkOctetsStream.cpp">
      <Filter>memory</Filter>
    </ClCompile>
    <ClCompile Include="..\HawkMalloc.cpp">
      <Filter>malloc</Filter>
    </ClCompile>
    <ClCompile Include="..\HawkTimerManager.cpp">
      <Filter>thread</Filter>
    </ClCompile>
    <ClCompile Include="..\HawkThread.cpp">
      <Filter>thread</Filter>
    </ClCompile>
    <ClCompile Include="..\HawkTask.cpp">
      <Filter>thread</Filter>
    </ClCompile>
    <ClCompile Include="..\HawkMutex.cpp">
      <Filter>thread</Filter>
    </ClCompile>
    <ClCompile Include="..\HawkMsg.cpp">
      <Filter>msg</Filter>
    </ClCompile>
    <ClCompile Include="..\HawkParamVector.cpp">
      <Filter>msg</Filter>
    </ClCompile>
    <ClCompile Include="..\HawkIPAddr.cpp">
      <Filter>network</Filter>
    </ClCompile>
    <ClCompile Include="..\HawkProtocol.cpp">
      <Filter>network</Filter>
    </ClCompile>
    <ClCompile Include="..\HawkProtocolManager.cpp">
      <Filter>network</Filter>
    </ClCompile>
    <ClCompile Include="..\HawkRWEFds.cpp">
      <Filter>network</Filter>
    </ClCompile>
    <ClCompile Include="..\HawkSession.cpp">
      <Filter>network</Filter>
    </ClCompile>
    <ClCompile Include="..\HawkSocket.cpp">
      <Filter>network</Filter>
    </ClCompile>
    <ClCompile Include="..\HawkSocketPair.cpp">
      <Filter>network</Filter>
    </ClCompile>
    <ClCompile Include="..\HawkSocketAddr.cpp">
      <Filter>network</Filter>
    </ClCompile>
    <ClCompile Include="..\HawkCounter.cpp">
      <Filter>math</Filter>
    </ClCompile>
    <ClCompile Include="..\HawkHash.cpp">
      <Filter>math</Filter>
    </ClCompile>
    <ClCompile Include="..\HawkMath.cpp">
      <Filter>math</Filter>
    </ClCompile>
    <ClCompile Include="..\HawkRand.cpp">
      <Filter>math</Filter>
    </ClCompile>
    <ClCompile Include="..\HawkStringUtil.cpp">
      <Filter>string</Filter>
    </ClCompile>
    <ClCompile Include="..\HawkRefCounter.cpp">
      <Filter>refcount</Filter>
    </ClCompile>
    <ClCompile Include="..\HawkMd5.cpp">
      <Filter>security</Filter>
    </ClCompile>
    <ClCompile Include="..\HawkScope.cpp">
      <Filter>refcount</Filter>
    </ClCompile>
    <ClCompile Include="..\HawkManagerBase.cpp">
      <Filter>manager</Filter>
    </ClCompile>
    <ClCompile Include="..\HawkMsgManager.cpp">
      <Filter>msg</Filter>
    </ClCompile>
    <ClCompile Include="..\HawkMsgListener.cpp">
      <Filter>msg</Filter>
    </ClCompile>
    <ClCompile Include="..\HawkMsgPump.cpp">
      <Filter>msg</Filter>
    </ClCompile>
    <ClCompile Include="..\HawkFileSender.cpp">
      <Filter>file</Filter>
    </ClCompile>
  </ItemGroup>
  <ItemGroup>
    <None Include="..\source\tinyxml\Makefile">
      <Filter>import\tinyxml</Filter>
    </None>
    <None Include="..\source\zlib\Makefile">
      <Filter>import\zlib</Filter>
    </None>
    <None Include="..\source\json\Makefile">
      <Filter>import\json</Filter>
    </None>
    <None Include="..\source\sqlite\Makefile">
      <Filter>import\sqlite</Filter>
    </None>
  </ItemGroup>
</Project>